
Microsoft Visual Studio Solution File, Format Version 11.00
# Visual Studio 2010
Project("{8BC9CEB8-8B4A-11D0-8D11-00A0C91BC942}") = "agg", "agg\agg.vcxproj", "{1278322B-8762-498C-9D1F-EBF7D01052B1}"
EndProject
Project("{8BC9CEB8-8B4A-11D0-8D11-00A0C91BC942}") = "GisEngineCommon", "Common\Common.vcxproj", "{D7C11818-A5E0-495F-AA5A-D0D820E053BB}"
EndProject
Project("{8BC9CEB8-8B4A-11D0-8D11-00A0C91BC942}") = "Display", "Display\Display.vcxproj", "{4B900184-CDB9-4259-A5A4-930BB162420C}"
EndProject
Project("{8BC9CEB8-8B4A-11D0-8D11-00A0C91BC942}") = "GeoDatabase", "GeoDatabase\GeoDatabase.vcxproj", "{E03D296A-03A3-44DC-A1E2-89DFB4E7C3B5}"
EndProject
Project("{8BC9CEB8-8B4A-11D0-8D11-00A0C91BC942}") = "GisGeometry", "GisGeometry\GisGeometry.vcxproj", "{56B61B91-D2A5-41EA-B3EF-3E1AE0B6F428}"
EndProject
Project("{8BC9CEB8-8B4A-11D0-8D11-00A0C91BC942}") = "Cartography", "Cartography\Cartography.vcxproj", "{9C8B6F81-14A4-4D3F-BB5D-57FCD08BF6F1}"
EndProject
Project("{2150E333-8FDC-42A3-9474-1A3956D46DE8}") = "Test", "Test", "{2B43F630-015B-428F-92BF-4A016B0D5780}"
EndProject
Project("{8BC9CEB8-8B4A-11D0-8D11-00A0C91BC942}") = "TestGraphics", "Tests\TestGraphics\TestGraphics.vcxproj", "{BF7E450B-85B9-4B87-A9D5-3CC10AD9B8CB}"
EndProject
Project("{8BC9CEB8-8B4A-11D0-8D11-00A0C91BC942}") = "TestProj", "Tests\TestProj\TestProj.vcxproj", "{3F6AE32B-6EA6-4A29-AA9C-ACBD04AF697D}"
EndProject
Project("{8BC9CEB8-8B4A-11D0-8D11-00A0C91BC942}") = "TestCommons", "Tests\TestCommons\TestCommons.vcxproj", "{5E86922B-7721-455B-9D3E-965C4D2E64CD}"
	ProjectSection(ProjectDependencies) = postProject
		{D7C11818-A5E0-495F-AA5A-D0D820E053BB} = {D7C11818-A5E0-495F-AA5A-D0D820E053BB}
	EndProjectSection
EndProject
Project("{8BC9CEB8-8B4A-11D0-8D11-00A0C91BC942}") = "TestMapDraw", "Tests\TestMapDraw\TestMapDraw.vcxproj", "{E8E02B27-8831-401A-8AAB-90BE933E4CD2}"
EndProject
Project("{8BC9CEB8-8B4A-11D0-8D11-00A0C91BC942}") = "GisFramework", "GisFramework\GisFramework.vcxproj", "{42E4520F-8D4D-448E-83ED-5817F162E3D1}"
EndProject
Project("{2150E333-8FDC-42A3-9474-1A3956D46DE8}") = "TODO", "TODO", "{64152DCF-D507-4FA7-93CD-03A31679E214}"
	ProjectSection(SolutionItems) = preProject
		TODO.txt = TODO.txt
	EndProjectSection
EndProject
Global
	GlobalSection(SolutionConfigurationPlatforms) = preSolution
		Debug|Win32 = Debug|Win32
		Debug|x64 = Debug|x64
		DebugShared|Win32 = DebugShared|Win32
		DebugShared|x64 = DebugShared|x64
		DebugStatic|Win32 = DebugStatic|Win32
		DebugStatic|x64 = DebugStatic|x64
		Release|Win32 = Release|Win32
		Release|x64 = Release|x64
		ReleaseShared|Win32 = ReleaseShared|Win32
		ReleaseShared|x64 = ReleaseShared|x64
		ReleaseStatic|Win32 = ReleaseStatic|Win32
		ReleaseStatic|x64 = ReleaseStatic|x64
	EndGlobalSection
	GlobalSection(ProjectConfigurationPlatforms) = postSolution
		{1278322B-8762-498C-9D1F-EBF7D01052B1}.Debug|Win32.ActiveCfg = Debug|Win32
		{1278322B-8762-498C-9D1F-EBF7D01052B1}.Debug|Win32.Build.0 = Debug|Win32
		{1278322B-8762-498C-9D1F-EBF7D01052B1}.Debug|x64.ActiveCfg = Debug|Win32
		{1278322B-8762-498C-9D1F-EBF7D01052B1}.Debug|x64.Build.0 = Debug|Win32
		{1278322B-8762-498C-9D1F-EBF7D01052B1}.DebugShared|Win32.ActiveCfg = DebugShared|Win32
		{1278322B-8762-498C-9D1F-EBF7D01052B1}.DebugShared|Win32.Build.0 = DebugShared|Win32
		{1278322B-8762-498C-9D1F-EBF7D01052B1}.DebugShared|x64.ActiveCfg = DebugShared|x64
		{1278322B-8762-498C-9D1F-EBF7D01052B1}.DebugShared|x64.Build.0 = DebugShared|x64
		{1278322B-8762-498C-9D1F-EBF7D01052B1}.DebugStatic|Win32.ActiveCfg = DebugStatic|Win32
		{1278322B-8762-498C-9D1F-EBF7D01052B1}.DebugStatic|Win32.Build.0 = DebugStatic|Win32
		{1278322B-8762-498C-9D1F-EBF7D01052B1}.DebugStatic|x64.ActiveCfg = DebugStatic|x64
		{1278322B-8762-498C-9D1F-EBF7D01052B1}.DebugStatic|x64.Build.0 = DebugStatic|x64
		{1278322B-8762-498C-9D1F-EBF7D01052B1}.Release|Win32.ActiveCfg = Release|Win32
		{1278322B-8762-498C-9D1F-EBF7D01052B1}.Release|Win32.Build.0 = Release|Win32
		{1278322B-8762-498C-9D1F-EBF7D01052B1}.Release|x64.ActiveCfg = Release|Win32
		{1278322B-8762-498C-9D1F-EBF7D01052B1}.Release|x64.Build.0 = Release|Win32
		{1278322B-8762-498C-9D1F-EBF7D01052B1}.ReleaseShared|Win32.ActiveCfg = ReleaseShared|Win32
		{1278322B-8762-498C-9D1F-EBF7D01052B1}.ReleaseShared|Win32.Build.0 = ReleaseShared|Win32
		{1278322B-8762-498C-9D1F-EBF7D01052B1}.ReleaseShared|x64.ActiveCfg = ReleaseShared|x64
		{1278322B-8762-498C-9D1F-EBF7D01052B1}.ReleaseShared|x64.Build.0 = ReleaseShared|x64
		{1278322B-8762-498C-9D1F-EBF7D01052B1}.ReleaseStatic|Win32.ActiveCfg = ReleaseStatic|Win32
		{1278322B-8762-498C-9D1F-EBF7D01052B1}.ReleaseStatic|Win32.Build.0 = ReleaseStatic|Win32
		{1278322B-8762-498C-9D1F-EBF7D01052B1}.ReleaseStatic|x64.ActiveCfg = ReleaseStatic|x64
		{1278322B-8762-498C-9D1F-EBF7D01052B1}.ReleaseStatic|x64.Build.0 = ReleaseStatic|x64
		{D7C11818-A5E0-495F-AA5A-D0D820E053BB}.Debug|Win32.ActiveCfg = Debug|Win32
		{D7C11818-A5E0-495F-AA5A-D0D820E053BB}.Debug|Win32.Build.0 = Debug|Win32
		{D7C11818-A5E0-495F-AA5A-D0D820E053BB}.Debug|x64.ActiveCfg = Debug|Win32
		{D7C11818-A5E0-495F-AA5A-D0D820E053BB}.Debug|x64.Build.0 = Debug|Win32
		{D7C11818-A5E0-495F-AA5A-D0D820E053BB}.DebugShared|Win32.ActiveCfg = DebugShared|Win32
		{D7C11818-A5E0-495F-AA5A-D0D820E053BB}.DebugShared|Win32.Build.0 = DebugShared|Win32
		{D7C11818-A5E0-495F-AA5A-D0D820E053BB}.DebugShared|x64.ActiveCfg = DebugShared|x64
		{D7C11818-A5E0-495F-AA5A-D0D820E053BB}.DebugShared|x64.Build.0 = DebugShared|x64
		{D7C11818-A5E0-495F-AA5A-D0D820E053BB}.DebugStatic|Win32.ActiveCfg = DebugStatic|Win32
		{D7C11818-A5E0-495F-AA5A-D0D820E053BB}.DebugStatic|Win32.Build.0 = DebugStatic|Win32
		{D7C11818-A5E0-495F-AA5A-D0D820E053BB}.DebugStatic|x64.ActiveCfg = DebugStatic|x64
		{D7C11818-A5E0-495F-AA5A-D0D820E053BB}.DebugStatic|x64.Build.0 = DebugStatic|x64
		{D7C11818-A5E0-495F-AA5A-D0D820E053BB}.Release|Win32.ActiveCfg = Release|Win32
		{D7C11818-A5E0-495F-AA5A-D0D820E053BB}.Release|Win32.Build.0 = Release|Win32
		{D7C11818-A5E0-495F-AA5A-D0D820E053BB}.Release|x64.ActiveCfg = Release|Win32
		{D7C11818-A5E0-495F-AA5A-D0D820E053BB}.Release|x64.Build.0 = Release|Win32
		{D7C11818-A5E0-495F-AA5A-D0D820E053BB}.ReleaseShared|Win32.ActiveCfg = ReleaseShared|Win32
		{D7C11818-A5E0-495F-AA5A-D0D820E053BB}.ReleaseShared|Win32.Build.0 = ReleaseShared|Win32
		{D7C11818-A5E0-495F-AA5A-D0D820E053BB}.ReleaseShared|x64.ActiveCfg = ReleaseShared|x64
		{D7C11818-A5E0-495F-AA5A-D0D820E053BB}.ReleaseShared|x64.Build.0 = ReleaseShared|x64
		{D7C11818-A5E0-495F-AA5A-D0D820E053BB}.ReleaseStatic|Win32.ActiveCfg = ReleaseStatic|Win32
		{D7C11818-A5E0-495F-AA5A-D0D820E053BB}.ReleaseStatic|Win32.Build.0 = ReleaseStatic|Win32
		{D7C11818-A5E0-495F-AA5A-D0D820E053BB}.ReleaseStatic|x64.ActiveCfg = ReleaseStatic|x64
		{D7C11818-A5E0-495F-AA5A-D0D820E053BB}.ReleaseStatic|x64.Build.0 = ReleaseStatic|x64
		{4B900184-CDB9-4259-A5A4-930BB162420C}.Debug|Win32.ActiveCfg = Debug|Win32
		{4B900184-CDB9-4259-A5A4-930BB162420C}.Debug|Win32.Build.0 = Debug|Win32
		{4B900184-CDB9-4259-A5A4-930BB162420C}.Debug|x64.ActiveCfg = Debug|Win32
		{4B900184-CDB9-4259-A5A4-930BB162420C}.DebugShared|Win32.ActiveCfg = DebugShared|Win32
		{4B900184-CDB9-4259-A5A4-930BB162420C}.DebugShared|Win32.Build.0 = DebugShared|Win32
		{4B900184-CDB9-4259-A5A4-930BB162420C}.DebugShared|x64.ActiveCfg = DebugShared|x64
		{4B900184-CDB9-4259-A5A4-930BB162420C}.DebugShared|x64.Build.0 = DebugShared|x64
		{4B900184-CDB9-4259-A5A4-930BB162420C}.DebugStatic|Win32.ActiveCfg = DebugStatic|Win32
		{4B900184-CDB9-4259-A5A4-930BB162420C}.DebugStatic|Win32.Build.0 = DebugStatic|Win32
		{4B900184-CDB9-4259-A5A4-930BB162420C}.DebugStatic|x64.ActiveCfg = DebugStatic|x64
		{4B900184-CDB9-4259-A5A4-930BB162420C}.DebugStatic|x64.Build.0 = DebugStatic|x64
		{4B900184-CDB9-4259-A5A4-930BB162420C}.Release|Win32.ActiveCfg = Release|Win32
		{4B900184-CDB9-4259-A5A4-930BB162420C}.Release|Win32.Build.0 = Release|Win32
		{4B900184-CDB9-4259-A5A4-930BB162420C}.Release|x64.ActiveCfg = Release|Win32
		{4B900184-CDB9-4259-A5A4-930BB162420C}.ReleaseShared|Win32.ActiveCfg = ReleaseShared|Win32
		{4B900184-CDB9-4259-A5A4-930BB162420C}.ReleaseShared|Win32.Build.0 = ReleaseShared|Win32
		{4B900184-CDB9-4259-A5A4-930BB162420C}.ReleaseShared|x64.ActiveCfg = ReleaseShared|x64
		{4B900184-CDB9-4259-A5A4-930BB162420C}.ReleaseShared|x64.Build.0 = ReleaseShared|x64
		{4B900184-CDB9-4259-A5A4-930BB162420C}.ReleaseStatic|Win32.ActiveCfg = ReleaseStatic|Win32
		{4B900184-CDB9-4259-A5A4-930BB162420C}.ReleaseStatic|Win32.Build.0 = ReleaseStatic|Win32
		{4B900184-CDB9-4259-A5A4-930BB162420C}.ReleaseStatic|x64.ActiveCfg = ReleaseStatic|x64
		{4B900184-CDB9-4259-A5A4-930BB162420C}.ReleaseStatic|x64.Build.0 = ReleaseStatic|x64
		{E03D296A-03A3-44DC-A1E2-89DFB4E7C3B5}.Debug|Win32.ActiveCfg = Debug|Win32
		{E03D296A-03A3-44DC-A1E2-89DFB4E7C3B5}.Debug|Win32.Build.0 = Debug|Win32
		{E03D296A-03A3-44DC-A1E2-89DFB4E7C3B5}.Debug|x64.ActiveCfg = Debug|Win32
		{E03D296A-03A3-44DC-A1E2-89DFB4E7C3B5}.DebugShared|Win32.ActiveCfg = DebugShared|Win32
		{E03D296A-03A3-44DC-A1E2-89DFB4E7C3B5}.DebugShared|Win32.Build.0 = DebugShared|Win32
		{E03D296A-03A3-44DC-A1E2-89DFB4E7C3B5}.DebugShared|x64.ActiveCfg = DebugShared|x64
		{E03D296A-03A3-44DC-A1E2-89DFB4E7C3B5}.DebugShared|x64.Build.0 = DebugShared|x64
		{E03D296A-03A3-44DC-A1E2-89DFB4E7C3B5}.DebugStatic|Win32.ActiveCfg = DebugStatic|Win32
		{E03D296A-03A3-44DC-A1E2-89DFB4E7C3B5}.DebugStatic|Win32.Build.0 = DebugStatic|Win32
		{E03D296A-03A3-44DC-A1E2-89DFB4E7C3B5}.DebugStatic|x64.ActiveCfg = DebugStatic|x64
		{E03D296A-03A3-44DC-A1E2-89DFB4E7C3B5}.DebugStatic|x64.Build.0 = DebugStatic|x64
		{E03D296A-03A3-44DC-A1E2-89DFB4E7C3B5}.Release|Win32.ActiveCfg = Release|Win32
		{E03D296A-03A3-44DC-A1E2-89DFB4E7C3B5}.Release|Win32.Build.0 = Release|Win32
		{E03D296A-03A3-44DC-A1E2-89DFB4E7C3B5}.Release|x64.ActiveCfg = Release|Win32
		{E03D296A-03A3-44DC-A1E2-89DFB4E7C3B5}.ReleaseShared|Win32.ActiveCfg = ReleaseShared|Win32
		{E03D296A-03A3-44DC-A1E2-89DFB4E7C3B5}.ReleaseShared|Win32.Build.0 = ReleaseShared|Win32
		{E03D296A-03A3-44DC-A1E2-89DFB4E7C3B5}.ReleaseShared|x64.ActiveCfg = ReleaseShared|x64
		{E03D296A-03A3-44DC-A1E2-89DFB4E7C3B5}.ReleaseShared|x64.Build.0 = ReleaseShared|x64
		{E03D296A-03A3-44DC-A1E2-89DFB4E7C3B5}.ReleaseStatic|Win32.ActiveCfg = ReleaseStatic|Win32
		{E03D296A-03A3-44DC-A1E2-89DFB4E7C3B5}.ReleaseStatic|Win32.Build.0 = ReleaseStatic|Win32
		{E03D296A-03A3-44DC-A1E2-89DFB4E7C3B5}.ReleaseStatic|x64.ActiveCfg = ReleaseStatic|x64
		{E03D296A-03A3-44DC-A1E2-89DFB4E7C3B5}.ReleaseStatic|x64.Build.0 = ReleaseStatic|x64
		{56B61B91-D2A5-41EA-B3EF-3E1AE0B6F428}.Debug|Win32.ActiveCfg = Debug|Win32
		{56B61B91-D2A5-41EA-B3EF-3E1AE0B6F428}.Debug|Win32.Build.0 = Debug|Win32
		{56B61B91-D2A5-41EA-B3EF-3E1AE0B6F428}.Debug|x64.ActiveCfg = Debug|Win32
		{56B61B91-D2A5-41EA-B3EF-3E1AE0B6F428}.DebugShared|Win32.ActiveCfg = DebugShared|Win32
		{56B61B91-D2A5-41EA-B3EF-3E1AE0B6F428}.DebugShared|Win32.Build.0 = DebugShared|Win32
		{56B61B91-D2A5-41EA-B3EF-3E1AE0B6F428}.DebugShared|x64.ActiveCfg = DebugShared|x64
		{56B61B91-D2A5-41EA-B3EF-3E1AE0B6F428}.DebugShared|x64.Build.0 = DebugShared|x64
		{56B61B91-D2A5-41EA-B3EF-3E1AE0B6F428}.DebugStatic|Win32.ActiveCfg = DebugStatic|Win32
		{56B61B91-D2A5-41EA-B3EF-3E1AE0B6F428}.DebugStatic|Win32.Build.0 = DebugStatic|Win32
		{56B61B91-D2A5-41EA-B3EF-3E1AE0B6F428}.DebugStatic|x64.ActiveCfg = DebugStatic|x64
		{56B61B91-D2A5-41EA-B3EF-3E1AE0B6F428}.DebugStatic|x64.Build.0 = DebugStatic|x64
		{56B61B91-D2A5-41EA-B3EF-3E1AE0B6F428}.Release|Win32.ActiveCfg = Release|Win32
		{56B61B91-D2A5-41EA-B3EF-3E1AE0B6F428}.Release|Win32.Build.0 = Release|Win32
		{56B61B91-D2A5-41EA-B3EF-3E1AE0B6F428}.Release|x64.ActiveCfg = Release|Win32
		{56B61B91-D2A5-41EA-B3EF-3E1AE0B6F428}.ReleaseShared|Win32.ActiveCfg = ReleaseShared|Win32
		{56B61B91-D2A5-41EA-B3EF-3E1AE0B6F428}.ReleaseShared|Win32.Build.0 = ReleaseShared|Win32
		{56B61B91-D2A5-41EA-B3EF-3E1AE0B6F428}.ReleaseShared|x64.ActiveCfg = ReleaseShared|x64
		{56B61B91-D2A5-41EA-B3EF-3E1AE0B6F428}.ReleaseShared|x64.Build.0 = ReleaseShared|x64
		{56B61B91-D2A5-41EA-B3EF-3E1AE0B6F428}.ReleaseStatic|Win32.ActiveCfg = ReleaseStatic|Win32
		{56B61B91-D2A5-41EA-B3EF-3E1AE0B6F428}.ReleaseStatic|Win32.Build.0 = ReleaseStatic|Win32
		{56B61B91-D2A5-41EA-B3EF-3E1AE0B6F428}.ReleaseStatic|x64.ActiveCfg = ReleaseStatic|x64
		{56B61B91-D2A5-41EA-B3EF-3E1AE0B6F428}.ReleaseStatic|x64.Build.0 = ReleaseStatic|x64
		{9C8B6F81-14A4-4D3F-BB5D-57FCD08BF6F1}.Debug|Win32.ActiveCfg = Debug|Win32
		{9C8B6F81-14A4-4D3F-BB5D-57FCD08BF6F1}.Debug|Win32.Build.0 = Debug|Win32
		{9C8B6F81-14A4-4D3F-BB5D-57FCD08BF6F1}.Debug|x64.ActiveCfg = Debug|Win32
		{9C8B6F81-14A4-4D3F-BB5D-57FCD08BF6F1}.DebugShared|Win32.ActiveCfg = DebugShared|Win32
		{9C8B6F81-14A4-4D3F-BB5D-57FCD08BF6F1}.DebugShared|Win32.Build.0 = DebugShared|Win32
		{9C8B6F81-14A4-4D3F-BB5D-57FCD08BF6F1}.DebugShared|x64.ActiveCfg = DebugShared|x64
		{9C8B6F81-14A4-4D3F-BB5D-57FCD08BF6F1}.DebugShared|x64.Build.0 = DebugShared|x64
		{9C8B6F81-14A4-4D3F-BB5D-57FCD08BF6F1}.DebugStatic|Win32.ActiveCfg = DebugStatic|Win32
		{9C8B6F81-14A4-4D3F-BB5D-57FCD08BF6F1}.DebugStatic|Win32.Build.0 = DebugStatic|Win32
		{9C8B6F81-14A4-4D3F-BB5D-57FCD08BF6F1}.DebugStatic|x64.ActiveCfg = DebugStatic|x64
		{9C8B6F81-14A4-4D3F-BB5D-57FCD08BF6F1}.DebugStatic|x64.Build.0 = DebugStatic|x64
		{9C8B6F81-14A4-4D3F-BB5D-57FCD08BF6F1}.Release|Win32.ActiveCfg = Release|Win32
		{9C8B6F81-14A4-4D3F-BB5D-57FCD08BF6F1}.Release|Win32.Build.0 = Release|Win32
		{9C8B6F81-14A4-4D3F-BB5D-57FCD08BF6F1}.Release|x64.ActiveCfg = Release|Win32
		{9C8B6F81-14A4-4D3F-BB5D-57FCD08BF6F1}.ReleaseShared|Win32.ActiveCfg = ReleaseShared|Win32
		{9C8B6F81-14A4-4D3F-BB5D-57FCD08BF6F1}.ReleaseShared|Win32.Build.0 = ReleaseShared|Win32
		{9C8B6F81-14A4-4D3F-BB5D-57FCD08BF6F1}.ReleaseShared|x64.ActiveCfg = ReleaseShared|x64
		{9C8B6F81-14A4-4D3F-BB5D-57FCD08BF6F1}.ReleaseShared|x64.Build.0 = ReleaseShared|x64
		{9C8B6F81-14A4-4D3F-BB5D-57FCD08BF6F1}.ReleaseStatic|Win32.ActiveCfg = ReleaseStatic|Win32
		{9C8B6F81-14A4-4D3F-BB5D-57FCD08BF6F1}.ReleaseStatic|Win32.Build.0 = ReleaseStatic|Win32
		{9C8B6F81-14A4-4D3F-BB5D-57FCD08BF6F1}.ReleaseStatic|x64.ActiveCfg = ReleaseStatic|x64
		{9C8B6F81-14A4-4D3F-BB5D-57FCD08BF6F1}.ReleaseStatic|x64.Build.0 = ReleaseStatic|x64
		{BF7E450B-85B9-4B87-A9D5-3CC10AD9B8CB}.Debug|Win32.ActiveCfg = Debug|Win32
		{BF7E450B-85B9-4B87-A9D5-3CC10AD9B8CB}.Debug|Win32.Build.0 = Debug|Win32
		{BF7E450B-85B9-4B87-A9D5-3CC10AD9B8CB}.Debug|x64.ActiveCfg = Debug|Win32
		{BF7E450B-85B9-4B87-A9D5-3CC10AD9B8CB}.DebugShared|Win32.ActiveCfg = Debug|Win32
		{BF7E450B-85B9-4B87-A9D5-3CC10AD9B8CB}.DebugShared|Win32.Build.0 = Debug|Win32
		{BF7E450B-85B9-4B87-A9D5-3CC10AD9B8CB}.DebugShared|x64.ActiveCfg = Debug|Win32
		{BF7E450B-85B9-4B87-A9D5-3CC10AD9B8CB}.DebugStatic|Win32.ActiveCfg = Debug|Win32
		{BF7E450B-85B9-4B87-A9D5-3CC10AD9B8CB}.DebugStatic|Win32.Build.0 = Debug|Win32
		{BF7E450B-85B9-4B87-A9D5-3CC10AD9B8CB}.DebugStatic|x64.ActiveCfg = Debug|Win32
		{BF7E450B-85B9-4B87-A9D5-3CC10AD9B8CB}.Release|Win32.ActiveCfg = Release|Win32
		{BF7E450B-85B9-4B87-A9D5-3CC10AD9B8CB}.Release|Win32.Build.0 = Release|Win32
		{BF7E450B-85B9-4B87-A9D5-3CC10AD9B8CB}.Release|x64.ActiveCfg = Release|Win32
		{BF7E450B-85B9-4B87-A9D5-3CC10AD9B8CB}.ReleaseShared|Win32.ActiveCfg = Release|Win32
		{BF7E450B-85B9-4B87-A9D5-3CC10AD9B8CB}.ReleaseShared|Win32.Build.0 = Release|Win32
		{BF7E450B-85B9-4B87-A9D5-3CC10AD9B8CB}.ReleaseShared|x64.ActiveCfg = Release|Win32
		{BF7E450B-85B9-4B87-A9D5-3CC10AD9B8CB}.ReleaseStatic|Win32.ActiveCfg = Release|Win32
		{BF7E450B-85B9-4B87-A9D5-3CC10AD9B8CB}.ReleaseStatic|Win32.Build.0 = Release|Win32
		{BF7E450B-85B9-4B87-A9D5-3CC10AD9B8CB}.ReleaseStatic|x64.ActiveCfg = Release|Win32
		{3F6AE32B-6EA6-4A29-AA9C-ACBD04AF697D}.Debug|Win32.ActiveCfg = Debug|Win32
		{3F6AE32B-6EA6-4A29-AA9C-ACBD04AF697D}.Debug|Win32.Build.0 = Debug|Win32
		{3F6AE32B-6EA6-4A29-AA9C-ACBD04AF697D}.Debug|x64.ActiveCfg = Debug|Win32
		{3F6AE32B-6EA6-4A29-AA9C-ACBD04AF697D}.DebugShared|Win32.ActiveCfg = Debug|Win32
		{3F6AE32B-6EA6-4A29-AA9C-ACBD04AF697D}.DebugShared|Win32.Build.0 = Debug|Win32
		{3F6AE32B-6EA6-4A29-AA9C-ACBD04AF697D}.DebugShared|x64.ActiveCfg = Debug|Win32
		{3F6AE32B-6EA6-4A29-AA9C-ACBD04AF697D}.DebugStatic|Win32.ActiveCfg = Debug|Win32
		{3F6AE32B-6EA6-4A29-AA9C-ACBD04AF697D}.DebugStatic|Win32.Build.0 = Debug|Win32
		{3F6AE32B-6EA6-4A29-AA9C-ACBD04AF697D}.DebugStatic|x64.ActiveCfg = Debug|Win32
		{3F6AE32B-6EA6-4A29-AA9C-ACBD04AF697D}.Release|Win32.ActiveCfg = Release|Win32
		{3F6AE32B-6EA6-4A29-AA9C-ACBD04AF697D}.Release|Win32.Build.0 = Release|Win32
		{3F6AE32B-6EA6-4A29-AA9C-ACBD04AF697D}.Release|x64.ActiveCfg = Release|Win32
		{3F6AE32B-6EA6-4A29-AA9C-ACBD04AF697D}.ReleaseShared|Win32.ActiveCfg = Release|Win32
		{3F6AE32B-6EA6-4A29-AA9C-ACBD04AF697D}.ReleaseShared|Win32.Build.0 = Release|Win32
		{3F6AE32B-6EA6-4A29-AA9C-ACBD04AF697D}.ReleaseShared|x64.ActiveCfg = Release|Win32
		{3F6AE32B-6EA6-4A29-AA9C-ACBD04AF697D}.ReleaseStatic|Win32.ActiveCfg = Release|Win32
		{3F6AE32B-6EA6-4A29-AA9C-ACBD04AF697D}.ReleaseStatic|Win32.Build.0 = Release|Win32
		{3F6AE32B-6EA6-4A29-AA9C-ACBD04AF697D}.ReleaseStatic|x64.ActiveCfg = Release|Win32
		{5E86922B-7721-455B-9D3E-965C4D2E64CD}.Debug|Win32.ActiveCfg = Debug|Win32
		{5E86922B-7721-455B-9D3E-965C4D2E64CD}.Debug|Win32.Build.0 = Debug|Win32
		{5E86922B-7721-455B-9D3E-965C4D2E64CD}.Debug|x64.ActiveCfg = Debug|Win32
		{5E86922B-7721-455B-9D3E-965C4D2E64CD}.DebugShared|Win32.ActiveCfg = Debug|Win32
		{5E86922B-7721-455B-9D3E-965C4D2E64CD}.DebugShared|Win32.Build.0 = Debug|Win32
		{5E86922B-7721-455B-9D3E-965C4D2E64CD}.DebugShared|x64.ActiveCfg = Debug|Win32
		{5E86922B-7721-455B-9D3E-965C4D2E64CD}.DebugStatic|Win32.ActiveCfg = Debug|Win32
		{5E86922B-7721-455B-9D3E-965C4D2E64CD}.DebugStatic|Win32.Build.0 = Debug|Win32
		{5E86922B-7721-455B-9D3E-965C4D2E64CD}.DebugStatic|x64.ActiveCfg = Debug|x64
		{5E86922B-7721-455B-9D3E-965C4D2E64CD}.DebugStatic|x64.Build.0 = Debug|x64
		{5E86922B-7721-455B-9D3E-965C4D2E64CD}.Release|Win32.ActiveCfg = Release|Win32
		{5E86922B-7721-455B-9D3E-965C4D2E64CD}.Release|Win32.Build.0 = Release|Win32
		{5E86922B-7721-455B-9D3E-965C4D2E64CD}.Release|x64.ActiveCfg = Release|Win32
		{5E86922B-7721-455B-9D3E-965C4D2E64CD}.ReleaseShared|Win32.ActiveCfg = Release|Win32
		{5E86922B-7721-455B-9D3E-965C4D2E64CD}.ReleaseShared|Win32.Build.0 = Release|Win32
		{5E86922B-7721-455B-9D3E-965C4D2E64CD}.ReleaseShared|x64.ActiveCfg = Release|Win32
		{5E86922B-7721-455B-9D3E-965C4D2E64CD}.ReleaseStatic|Win32.ActiveCfg = Release|Win32
		{5E86922B-7721-455B-9D3E-965C4D2E64CD}.ReleaseStatic|Win32.Build.0 = Release|Win32
		{5E86922B-7721-455B-9D3E-965C4D2E64CD}.ReleaseStatic|x64.ActiveCfg = Release|Win32
		{E8E02B27-8831-401A-8AAB-90BE933E4CD2}.Debug|Win32.ActiveCfg = Debug|Win32
		{E8E02B27-8831-401A-8AAB-90BE933E4CD2}.Debug|Win32.Build.0 = Debug|Win32
		{E8E02B27-8831-401A-8AAB-90BE933E4CD2}.Debug|x64.ActiveCfg = Debug|Win32
		{E8E02B27-8831-401A-8AAB-90BE933E4CD2}.DebugShared|Win32.ActiveCfg = Debug|Win32
		{E8E02B27-8831-401A-8AAB-90BE933E4CD2}.DebugShared|Win32.Build.0 = Debug|Win32
		{E8E02B27-8831-401A-8AAB-90BE933E4CD2}.DebugShared|x64.ActiveCfg = Debug|Win32
		{E8E02B27-8831-401A-8AAB-90BE933E4CD2}.DebugStatic|Win32.ActiveCfg = Debug|Win32
		{E8E02B27-8831-401A-8AAB-90BE933E4CD2}.DebugStatic|Win32.Build.0 = Debug|Win32
		{E8E02B27-8831-401A-8AAB-90BE933E4CD2}.DebugStatic|x64.ActiveCfg = Debug|x64
		{E8E02B27-8831-401A-8AAB-90BE933E4CD2}.DebugStatic|x64.Build.0 = Debug|x64
		{E8E02B27-8831-401A-8AAB-90BE933E4CD2}.Release|Win32.ActiveCfg = Release|Win32
		{E8E02B27-8831-401A-8AAB-90BE933E4CD2}.Release|Win32.Build.0 = Release|Win32
		{E8E02B27-8831-401A-8AAB-90BE933E4CD2}.Release|x64.ActiveCfg = Release|Win32
		{E8E02B27-8831-401A-8AAB-90BE933E4CD2}.ReleaseShared|Win32.ActiveCfg = Release|Win32
		{E8E02B27-8831-401A-8AAB-90BE933E4CD2}.ReleaseShared|Win32.Build.0 = Release|Win32
		{E8E02B27-8831-401A-8AAB-90BE933E4CD2}.ReleaseShared|x64.ActiveCfg = Release|Win32
		{E8E02B27-8831-401A-8AAB-90BE933E4CD2}.ReleaseStatic|Win32.ActiveCfg = Release|Win32
		{E8E02B27-8831-401A-8AAB-90BE933E4CD2}.ReleaseStatic|Win32.Build.0 = Release|Win32
		{E8E02B27-8831-401A-8AAB-90BE933E4CD2}.ReleaseStatic|x64.ActiveCfg = Release|x64
		{E8E02B27-8831-401A-8AAB-90BE933E4CD2}.ReleaseStatic|x64.Build.0 = Release|x64
		{42E4520F-8D4D-448E-83ED-5817F162E3D1}.Debug|Win32.ActiveCfg = Debug|Win32
		{42E4520F-8D4D-448E-83ED-5817F162E3D1}.Debug|Win32.Build.0 = Debug|Win32
		{42E4520F-8D4D-448E-83ED-5817F162E3D1}.Debug|x64.ActiveCfg = Debug|Win32
		{42E4520F-8D4D-448E-83ED-5817F162E3D1}.DebugShared|Win32.ActiveCfg = DebugShared|Win32
		{42E4520F-8D4D-448E-83ED-5817F162E3D1}.DebugShared|Win32.Build.0 = DebugShared|Win32
		{42E4520F-8D4D-448E-83ED-5817F162E3D1}.DebugShared|x64.ActiveCfg = DebugShared|x64
		{42E4520F-8D4D-448E-83ED-5817F162E3D1}.DebugShared|x64.Build.0 = DebugShared|x64
		{42E4520F-8D4D-448E-83ED-5817F162E3D1}.DebugStatic|Win32.ActiveCfg = DebugStatic|Win32
		{42E4520F-8D4D-448E-83ED-5817F162E3D1}.DebugStatic|Win32.Build.0 = DebugStatic|Win32
		{42E4520F-8D4D-448E-83ED-5817F162E3D1}.DebugStatic|x64.ActiveCfg = DebugStatic|x64
		{42E4520F-8D4D-448E-83ED-5817F162E3D1}.DebugStatic|x64.Build.0 = DebugStatic|x64
		{42E4520F-8D4D-448E-83ED-5817F162E3D1}.Release|Win32.ActiveCfg = ReleaseShared|Win32
		{42E4520F-8D4D-448E-83ED-5817F162E3D1}.Release|Win32.Build.0 = ReleaseShared|Win32
		{42E4520F-8D4D-448E-83ED-5817F162E3D1}.Release|x64.ActiveCfg = Release|Win32
		{42E4520F-8D4D-448E-83ED-5817F162E3D1}.ReleaseShared|Win32.ActiveCfg = Release|Win32
		{42E4520F-8D4D-448E-83ED-5817F162E3D1}.ReleaseShared|Win32.Build.0 = Release|Win32
		{42E4520F-8D4D-448E-83ED-5817F162E3D1}.ReleaseShared|x64.ActiveCfg = ReleaseShared|x64
		{42E4520F-8D4D-448E-83ED-5817F162E3D1}.ReleaseShared|x64.Build.0 = ReleaseShared|x64
		{42E4520F-8D4D-448E-83ED-5817F162E3D1}.ReleaseStatic|Win32.ActiveCfg = ReleaseStatic|Win32
		{42E4520F-8D4D-448E-83ED-5817F162E3D1}.ReleaseStatic|Win32.Build.0 = ReleaseStatic|Win32
		{42E4520F-8D4D-448E-83ED-5817F162E3D1}.ReleaseStatic|x64.ActiveCfg = ReleaseStatic|x64
		{42E4520F-8D4D-448E-83ED-5817F162E3D1}.ReleaseStatic|x64.Build.0 = ReleaseStatic|x64
	EndGlobalSection
	GlobalSection(SolutionProperties) = preSolution
		HideSolutionNode = FALSE
	EndGlobalSection
	GlobalSection(NestedProjects) = preSolution
		{BF7E450B-85B9-4B87-A9D5-3CC10AD9B8CB} = {2B43F630-015B-428F-92BF-4A016B0D5780}
		{5E86922B-7721-455B-9D3E-965C4D2E64CD} = {2B43F630-015B-428F-92BF-4A016B0D5780}
		{E8E02B27-8831-401A-8AAB-90BE933E4CD2} = {2B43F630-015B-428F-92BF-4A016B0D5780}
		{3F6AE32B-6EA6-4A29-AA9C-ACBD04AF697D} = {64152DCF-D507-4FA7-93CD-03A31679E214}
	EndGlobalSection
EndGlobal
