<?xml version="1.0" encoding="utf-8"?>
<Project ToolsVersion="4.0" xmlns="http://schemas.microsoft.com/developer/msbuild/2003">
  <ItemGroup>
    <Filter Include="Source Files">
      <UniqueIdentifier>{4FC737F1-C7A5-4376-A066-2A32D752A2FF}</UniqueIdentifier>
      <Extensions>cpp;c;cc;cxx;def;odl;idl;hpj;bat;asm;asmx</Extensions>
    </Filter>
    <Filter Include="Header Files">
      <UniqueIdentifier>{93995380-89BD-4b04-88EB-625FBE52EBFB}</UniqueIdentifier>
      <Extensions>h;hpp;hxx;hm;inl;inc;xsd</Extensions>
    </Filter>
    <Filter Include="Resource Files">
      <UniqueIdentifier>{67DA6AB6-F800-4c08-8B7A-83BB121AAD01}</UniqueIdentifier>
      <Extensions>rc;ico;cur;bmp;dlg;rc2;rct;bin;rgs;gif;jpg;jpeg;jpe;resx;tiff;tif;png;wav;mfcribbon-ms</Extensions>
    </Filter>
    <Filter Include="alloc">
      <UniqueIdentifier>{c1e97f5c-f453-4b44-9d26-31dbce5eab92}</UniqueIdentifier>
    </Filter>
    <Filter Include="string">
      <UniqueIdentifier>{fbc33f97-5515-4320-82eb-16850ddf224e}</UniqueIdentifier>
    </Filter>
    <Filter Include="file">
      <UniqueIdentifier>{3df52721-f961-4215-b566-39dcf2b21d6e}</UniqueIdentifier>
    </Filter>
    <Filter Include="thread">
      <UniqueIdentifier>{9a089a7d-36de-4f20-8208-fce2bdcb04fc}</UniqueIdentifier>
    </Filter>
    <Filter Include="log">
      <UniqueIdentifier>{aa6c95a4-632e-4cc4-8960-f82b60b91d49}</UniqueIdentifier>
    </Filter>
    <Filter Include="stream">
      <UniqueIdentifier>{5588d998-9603-4d88-9206-3230d802b2d3}</UniqueIdentifier>
    </Filter>
    <Filter Include="thread\Wait For Graph">
      <UniqueIdentifier>{d9cc7b27-e426-4ff1-ac4a-a89b78b38da7}</UniqueIdentifier>
    </Filter>
    <Filter Include="SpatialData">
      <UniqueIdentifier>{66c87df4-8da9-48f3-abaf-ee8b8a6a8aa2}</UniqueIdentifier>
    </Filter>
    <Filter Include="stream\bits">
      <UniqueIdentifier>{92084605-44d3-4e94-ba55-9952d4bba969}</UniqueIdentifier>
    </Filter>
    <Filter Include="variant">
      <UniqueIdentifier>{ddea3504-817e-46eb-8cdf-be1c7c515d1b}</UniqueIdentifier>
    </Filter>
    <Filter Include="time">
      <UniqueIdentifier>{6927862c-551b-488a-a3d5-6301b6ed1e88}</UniqueIdentifier>
    </Filter>
    <Filter Include="utils">
      <UniqueIdentifier>{e2979666-3b03-48e2-b0f8-46ca43d10e16}</UniqueIdentifier>
    </Filter>
  </ItemGroup>
  <ItemGroup>
    <None Include="ReadMe.txt" />
    <None Include="toupper.incl">
      <Filter>string</Filter>
    </None>
    <None Include="tolower.incl">
      <Filter>string</Filter>
    </None>
  </ItemGroup>
  <ItemGroup>
    <ClInclude Include="stdafx.h">
      <Filter>Header Files</Filter>
    </ClInclude>
    <ClInclude Include="targetver.h">
      <Filter>Header Files</Filter>
    </ClInclude>
    <ClInclude Include="alloc_t.h">
      <Filter>alloc</Filter>
    </ClInclude>
    <ClInclude Include="caseutils.h">
      <Filter>string</Filter>
    </ClInclude>
    <ClInclude Include="multibyte.h">
      <Filter>string</Filter>
    </ClInclude>
    <ClInclude Include="sprintf.h">
      <Filter>string</Filter>
    </ClInclude>
    <ClInclude Include="GeneralTypes.h">
      <Filter>Header Files</Filter>
    </ClInclude>
    <ClInclude Include="general.h">
      <Filter>Header Files</Filter>
    </ClInclude>
    <ClInclude Include="FileWin32.h">
      <Filter>file</Filter>
    </ClInclude>
    <ClInclude Include="File.h">
      <Filter>file</Filter>
    </ClInclude>
    <ClInclude Include="delegate.h">
      <Filter>Header Files</Filter>
    </ClInclude>
    <ClInclude Include="Mutex.h">
      <Filter>thread</Filter>
    </ClInclude>
    <ClInclude Include="thread.h">
      <Filter>thread</Filter>
    </ClInclude>
    <ClInclude Include="CSSection.h">
      <Filter>thread</Filter>
    </ClInclude>
    <ClInclude Include="Event.h">
      <Filter>thread</Filter>
    </ClInclude>
    <ClInclude Include="log.h">
      <Filter>log</Filter>
    </ClInclude>
    <ClInclude Include="MemoryStream.h">
      <Filter>stream</Filter>
    </ClInclude>
    <ClInclude Include="stream.h">
      <Filter>stream</Filter>
    </ClInclude>
    <ClInclude Include="FixedMemoryStream.h">
      <Filter>stream</Filter>
    </ClInclude>
    <ClInclude Include="TimeUtils.h">
      <Filter>time</Filter>
    </ClInclude>
    <ClInclude Include="DebugTime.h">
      <Filter>time</Filter>
    </ClInclude>
    <ClInclude Include="AutoPtr.h">
      <Filter>Header Files</Filter>
    </ClInclude>
    <ClInclude Include="Nocopy.h">
      <Filter>Header Files</Filter>
    </ClInclude>
    <ClInclude Include="WaitForGraph.h">
      <Filter>thread\Wait For Graph</Filter>
    </ClInclude>
    <ClInclude Include="Interlocked.h">
      <Filter>thread</Filter>
    </ClInclude>
    <ClInclude Include="BoundaryBox.h">
      <Filter>SpatialData</Filter>
    </ClInclude>
    <ClInclude Include="FixedBitStream.h">
      <Filter>stream\bits</Filter>
    </ClInclude>
    <ClInclude Include="CommonLib_lib.h">
      <Filter>Header Files</Filter>
    </ClInclude>
    <ClInclude Include="IGeoShape.h">
      <Filter>SpatialData</Filter>
    </ClInclude>
    <ClInclude Include="GeoPoint.h">
      <Filter>SpatialData</Filter>
    </ClInclude>
    <ClInclude Include="stl_alloc.h">
      <Filter>alloc</Filter>
    </ClInclude>
    <ClInclude Include="GeoShape.h">
      <Filter>SpatialData</Filter>
    </ClInclude>
    <ClInclude Include="PodVector.h">
      <Filter>Header Files</Filter>
    </ClInclude>
    <ClInclude Include="SpatialKey.h">
      <Filter>SpatialData</Filter>
    </ClInclude>
    <ClInclude Include="IRefCnt.h">
      <Filter>Header Files</Filter>
    </ClInclude>
    <ClInclude Include="Variant.h">
      <Filter>variant</Filter>
    </ClInclude>
    <ClInclude Include="VartTypeList.h">
      <Filter>variant</Filter>
    </ClInclude>
    <ClInclude Include="FileStream.h">
      <Filter>stream</Filter>
    </ClInclude>
    <ClInclude Include="blob.h">
      <Filter>Header Files</Filter>
    </ClInclude>
    <ClInclude Include="Timer.h">
      <Filter>time</Filter>
    </ClInclude>
    <ClInclude Include="guid.h">
      <Filter>string</Filter>
    </ClInclude>
    <ClInclude Include="string_buffer.h">
      <Filter>string</Filter>
    </ClInclude>
    <ClInclude Include="String.h">
      <Filter>string</Filter>
    </ClInclude>
    <ClInclude Include="crc.h">
      <Filter>Header Files</Filter>
    </ClInclude>
    <ClInclude Include="HashKey.h">
      <Filter>utils</Filter>
    </ClInclude>
  </ItemGroup>
  <ItemGroup>
    <ClCompile Include="stdafx.cpp">
      <Filter>Source Files</Filter>
    </ClCompile>
    <ClCompile Include="alloc_t.cpp">
      <Filter>alloc</Filter>
    </ClCompile>
    <ClCompile Include="caseutils.cpp">
      <Filter>string</Filter>
    </ClCompile>
    <ClCompile Include="multibyte.cpp">
      <Filter>string</Filter>
    </ClCompile>
    <ClCompile Include="sprintf.cpp">
      <Filter>string</Filter>
    </ClCompile>
    <ClCompile Include="FileWin32.cpp">
      <Filter>file</Filter>
    </ClCompile>
    <ClCompile Include="thread.cpp">
      <Filter>thread</Filter>
    </ClCompile>
    <ClCompile Include="log.cpp">
      <Filter>log</Filter>
    </ClCompile>
    <ClCompile Include="MemoryStream.cpp">
      <Filter>stream</Filter>
    </ClCompile>
    <ClCompile Include="FixedMemoryStream.cpp">
      <Filter>stream</Filter>
    </ClCompile>
    <ClCompile Include="TimeUtils.cpp">
      <Filter>time</Filter>
    </ClCompile>
    <ClCompile Include="DebugTime.cpp">
      <Filter>time</Filter>
    </ClCompile>
    <ClCompile Include="WaitForGraph.cpp">
      <Filter>thread\Wait For Graph</Filter>
    </ClCompile>
    <ClCompile Include="Interlocked.cpp">
      <Filter>thread</Filter>
    </ClCompile>
    <ClCompile Include="BoundaryBox.cpp">
      <Filter>SpatialData</Filter>
    </ClCompile>
    <ClCompile Include="FixedBitStream.cpp">
      <Filter>stream\bits</Filter>
    </ClCompile>
    <ClCompile Include="IGeoShape.cpp">
      <Filter>SpatialData</Filter>
    </ClCompile>
    <ClCompile Include="GeoShape.cpp">
      <Filter>SpatialData</Filter>
    </ClCompile>
    <ClCompile Include="File.cpp">
      <Filter>file</Filter>
    </ClCompile>
    <ClCompile Include="Variant.cpp">
      <Filter>variant</Filter>
    </ClCompile>
    <ClCompile Include="FileStream.cpp">
      <Filter>stream</Filter>
    </ClCompile>
    <ClCompile Include="stream.cpp">
      <Filter>stream</Filter>
    </ClCompile>
    <ClCompile Include="blob.cpp">
      <Filter>Header Files</Filter>
    </ClCompile>
    <ClCompile Include="Timer.cpp">
      <Filter>time</Filter>
    </ClCompile>
    <ClCompile Include="guit.cpp">
      <Filter>string</Filter>
    </ClCompile>
    <ClCompile Include="String.cpp">
      <Filter>string</Filter>
    </ClCompile>
    <ClCompile Include="crc.cpp">
      <Filter>Source Files</Filter>
    </ClCompile>
  </ItemGroup>
</Project>