<?xml version="1.0" encoding="utf-8"?>
<Project ToolsVersion="4.0" xmlns="http://schemas.microsoft.com/developer/msbuild/2003">
  <ItemGroup>
    <Filter Include="Source Files">
      <UniqueIdentifier>{4FC737F1-C7A5-4376-A066-2A32D752A2FF}</UniqueIdentifier>
      <Extensions>cpp;c;cc;cxx;def;odl;idl;hpj;bat;asm;asmx</Extensions>
    </Filter>
    <Filter Include="Header Files">
      <UniqueIdentifier>{93995380-89BD-4b04-88EB-625FBE52EBFB}</UniqueIdentifier>
      <Extensions>h;hpp;hxx;hm;inl;inc;xsd</Extensions>
    </Filter>
    <Filter Include="Resource Files">
      <UniqueIdentifier>{67DA6AB6-F800-4c08-8B7A-83BB121AAD01}</UniqueIdentifier>
      <Extensions>rc;ico;cur;bmp;dlg;rc2;rct;bin;rgs;gif;jpg;jpeg;jpe;resx;tiff;tif;png;wav;mfcribbon-ms</Extensions>
    </Filter>
    <Filter Include="TopologicalOperator">
      <UniqueIdentifier>{9d95a0b4-5f8e-4fe0-b1a0-32c1e8ea248b}</UniqueIdentifier>
    </Filter>
    <Filter Include="cpl">
      <UniqueIdentifier>{1319deb2-4430-40b4-815b-be24e5f825b8}</UniqueIdentifier>
    </Filter>
    <Filter Include="org">
      <UniqueIdentifier>{a139495c-5fd7-45eb-af75-19acfb039919}</UniqueIdentifier>
    </Filter>
    <Filter Include="SpatialReferenceProj4">
      <UniqueIdentifier>{1db963c4-9912-4c56-b7e3-1efe945ce6bc}</UniqueIdentifier>
    </Filter>
  </ItemGroup>
  <ItemGroup>
    <None Include="ReadMe.txt" />
    <None Include="esri.inc">
      <Filter>SpatialReferenceProj4</Filter>
    </None>
    <None Include="Android.mk" />
  </ItemGroup>
  <ItemGroup>
    <ClInclude Include="stdafx.h">
      <Filter>Header Files</Filter>
    </ClInclude>
    <ClInclude Include="targetver.h">
      <Filter>Header Files</Filter>
    </ClInclude>
    <ClInclude Include="GisGeometryLib.h">
      <Filter>Header Files</Filter>
    </ClInclude>
    <ClInclude Include="CodeProj.h">
      <Filter>SpatialReferenceProj4</Filter>
    </ClInclude>
    <ClInclude Include="SpatialReferenceProj4.h">
      <Filter>SpatialReferenceProj4</Filter>
    </ClInclude>
    <ClInclude Include="TopologicalOperator.h">
      <Filter>TopologicalOperator</Filter>
    </ClInclude>
    <ClInclude Include="clipper.hpp">
      <Filter>TopologicalOperator</Filter>
    </ClInclude>
    <ClInclude Include="ConvertorWorldToInt.h">
      <Filter>TopologicalOperator</Filter>
    </ClInclude>
    <ClInclude Include="Geometry.h">
      <Filter>Header Files</Filter>
    </ClInclude>
    <ClInclude Include="Envelope.h">
      <Filter>Header Files</Filter>
    </ClInclude>
    <ClInclude Include="cpl\cpl_config.h">
      <Filter>cpl</Filter>
    </ClInclude>
    <ClInclude Include="cpl\cpl_conv.h">
      <Filter>cpl</Filter>
    </ClInclude>
    <ClInclude Include="cpl\cpl_csv.h">
      <Filter>cpl</Filter>
    </ClInclude>
    <ClInclude Include="cpl\cpl_error.h">
      <Filter>cpl</Filter>
    </ClInclude>
    <ClInclude Include="cpl\cpl_minixml.h">
      <Filter>cpl</Filter>
    </ClInclude>
    <ClInclude Include="cpl\cpl_port.h">
      <Filter>cpl</Filter>
    </ClInclude>
    <ClInclude Include="cpl\cpl_string.h">
      <Filter>cpl</Filter>
    </ClInclude>
    <ClInclude Include="cpl\cpl_vsi.h">
      <Filter>cpl</Filter>
    </ClInclude>
    <ClInclude Include="ogr\ogr_api.h">
      <Filter>org</Filter>
    </ClInclude>
    <ClInclude Include="ogr\ogr_core.h">
      <Filter>org</Filter>
    </ClInclude>
    <ClInclude Include="ogr\ogr_expat.h">
      <Filter>org</Filter>
    </ClInclude>
    <ClInclude Include="ogr\ogr_feature.h">
      <Filter>org</Filter>
    </ClInclude>
    <ClInclude Include="ogr\ogr_featurestyle.h">
      <Filter>org</Filter>
    </ClInclude>
    <ClInclude Include="ogr\ogr_geocoding.h">
      <Filter>org</Filter>
    </ClInclude>
    <ClInclude Include="ogr\ogr_geometry.h">
      <Filter>org</Filter>
    </ClInclude>
    <ClInclude Include="ogr\ogr_geos.h">
      <Filter>org</Filter>
    </ClInclude>
    <ClInclude Include="ogr\ogr_p.h">
      <Filter>org</Filter>
    </ClInclude>
    <ClInclude Include="ogr\ogr_spatialref.h">
      <Filter>org</Filter>
    </ClInclude>
    <ClInclude Include="ogr\ogr_srs_api.h">
      <Filter>org</Filter>
    </ClInclude>
    <ClInclude Include="ogr\ogr_srs_esri_names.h">
      <Filter>org</Filter>
    </ClInclude>
    <ClInclude Include="ogr\ograpispy.h">
      <Filter>org</Filter>
    </ClInclude>
    <ClInclude Include="ogr\ogrgeomediageometry.h">
      <Filter>org</Filter>
    </ClInclude>
    <ClInclude Include="ogr\ogrpgeogeometry.h">
      <Filter>org</Filter>
    </ClInclude>
    <ClInclude Include="ogr\osr_cs_wkt.h">
      <Filter>org</Filter>
    </ClInclude>
    <ClInclude Include="ogr\osr_cs_wkt_parser.h">
      <Filter>org</Filter>
    </ClInclude>
    <ClInclude Include="ogr\swq.h">
      <Filter>org</Filter>
    </ClInclude>
    <ClInclude Include="cpl\cpl_atomic_ops.h">
      <Filter>cpl</Filter>
    </ClInclude>
    <ClInclude Include="cpl\cpl_http.h">
      <Filter>cpl</Filter>
    </ClInclude>
    <ClInclude Include="cpl\cpl_multiproc.h">
      <Filter>cpl</Filter>
    </ClInclude>
    <ClInclude Include="cpl\gdal_csv.h">
      <Filter>cpl</Filter>
    </ClInclude>
  </ItemGroup>
  <ItemGroup>
    <ClCompile Include="stdafx.cpp">
      <Filter>Source Files</Filter>
    </ClCompile>
    <ClCompile Include="CodeProj.cpp">
      <Filter>SpatialReferenceProj4</Filter>
    </ClCompile>
    <ClCompile Include="SpatialReferenceProj4.cpp">
      <Filter>SpatialReferenceProj4</Filter>
    </ClCompile>
    <ClCompile Include="TopologicalOperator.cpp">
      <Filter>TopologicalOperator</Filter>
    </ClCompile>
    <ClCompile Include="clipper.cpp">
      <Filter>TopologicalOperator</Filter>
    </ClCompile>
    <ClCompile Include="Envelope.cpp">
      <Filter>Source Files</Filter>
    </ClCompile>
    <ClCompile Include="cpl\cpl_conv.cpp">
      <Filter>cpl</Filter>
    </ClCompile>
    <ClCompile Include="cpl\cpl_csv.cpp">
      <Filter>cpl</Filter>
    </ClCompile>
    <ClCompile Include="cpl\cpl_error.cpp">
      <Filter>cpl</Filter>
    </ClCompile>
    <ClCompile Include="cpl\cpl_findfile.cpp">
      <Filter>cpl</Filter>
    </ClCompile>
    <ClCompile Include="cpl\cpl_minixml.cpp">
      <Filter>cpl</Filter>
    </ClCompile>
    <ClCompile Include="cpl\cpl_path.cpp">
      <Filter>cpl</Filter>
    </ClCompile>
    <ClCompile Include="cpl\cpl_string.cpp">
      <Filter>cpl</Filter>
    </ClCompile>
    <ClCompile Include="cpl\cplgetsymbol.cpp">
      <Filter>cpl</Filter>
    </ClCompile>
    <ClCompile Include="cpl\cpl_multiproc.cpp">
      <Filter>cpl</Filter>
    </ClCompile>
    <ClCompile Include="ogr\ogr_fromepsg.cpp">
      <Filter>org</Filter>
    </ClCompile>
    <ClCompile Include="ogr\ogr_srs_esri.cpp">
      <Filter>org</Filter>
    </ClCompile>
    <ClCompile Include="ogr\ogr_srs_proj4.cpp">
      <Filter>org</Filter>
    </ClCompile>
    <ClCompile Include="ogr\ogr_srs_xml.cpp">
      <Filter>org</Filter>
    </ClCompile>
    <ClCompile Include="ogr\ogr_srsnode.cpp">
      <Filter>org</Filter>
    </ClCompile>
    <ClCompile Include="ogr\ogrct.cpp">
      <Filter>org</Filter>
    </ClCompile>
    <ClCompile Include="ogr\ogrspatialreference.cpp">
      <Filter>org</Filter>
    </ClCompile>
    <ClCompile Include="cpl\cpl_atomic_ops.cpp">
      <Filter>cpl</Filter>
    </ClCompile>
    <ClCompile Include="cpl\cpl_http.cpp">
      <Filter>cpl</Filter>
    </ClCompile>
    <ClCompile Include="cpl\cpl_vsisimple.cpp">
      <Filter>cpl</Filter>
    </ClCompile>
    <ClCompile Include="cpl\cpl_recode.cpp">
      <Filter>cpl</Filter>
    </ClCompile>
    <ClCompile Include="cpl\cpl_strtod.cpp">
      <Filter>cpl</Filter>
    </ClCompile>
    <ClCompile Include="ogr\ogr_srs_dict.cpp">
      <Filter>org</Filter>
    </ClCompile>
    <ClCompile Include="cpl\cplstring.cpp">
      <Filter>cpl</Filter>
    </ClCompile>
    <ClCompile Include="cpl\cpl_recode_stub.cpp">
      <Filter>cpl</Filter>
    </ClCompile>
    <ClCompile Include="cpl\cpl_vsil.cpp">
      <Filter>cpl</Filter>
    </ClCompile>
    <ClCompile Include="cpl\cplstringlist.cpp">
      <Filter>cpl</Filter>
    </ClCompile>
    <ClCompile Include="cpl\cpl_vsi_mem.cpp">
      <Filter>cpl</Filter>
    </ClCompile>
    <ClCompile Include="cpl\cpl_vsil_tar.cpp">
      <Filter>cpl</Filter>
    </ClCompile>
    <ClCompile Include="cpl\cpl_vsil_sparsefile.cpp">
      <Filter>cpl</Filter>
    </ClCompile>
    <ClCompile Include="cpl\cpl_vsil_stdin.cpp">
      <Filter>cpl</Filter>
    </ClCompile>
    <ClCompile Include="cpl\cpl_vsil_stdout.cpp">
      <Filter>cpl</Filter>
    </ClCompile>
    <ClCompile Include="cpl\cpl_vsil_subfile.cpp">
      <Filter>cpl</Filter>
    </ClCompile>
    <ClCompile Include="cpl\cpl_vsil_win32.cpp">
      <Filter>cpl</Filter>
    </ClCompile>
    <ClCompile Include="cpl\cpl_vsil_abstract_archive.cpp">
      <Filter>cpl</Filter>
    </ClCompile>
    <ClCompile Include="cpl\cpl_vsil_cache.cpp">
      <Filter>cpl</Filter>
    </ClCompile>
  </ItemGroup>
</Project>