<?xml version="1.0" encoding="utf-8"?>
<Project ToolsVersion="4.0" xmlns="http://schemas.microsoft.com/developer/msbuild/2003">
  <ItemGroup>
    <Filter Include="Source Files">
      <UniqueIdentifier>{4FC737F1-C7A5-4376-A066-2A32D752A2FF}</UniqueIdentifier>
      <Extensions>cpp;c;cc;cxx;def;odl;idl;hpj;bat;asm;asmx</Extensions>
    </Filter>
    <Filter Include="Header Files">
      <UniqueIdentifier>{93995380-89BD-4b04-88EB-625FBE52EBFB}</UniqueIdentifier>
      <Extensions>h;hpp;hxx;hm;inl;inc;xsd</Extensions>
    </Filter>
    <Filter Include="Resource Files">
      <UniqueIdentifier>{67DA6AB6-F800-4c08-8B7A-83BB121AAD01}</UniqueIdentifier>
      <Extensions>rc;ico;cur;bmp;dlg;rc2;rct;bin;rgs;gif;jpg;jpeg;jpe;resx;tiff;tif;png;wav;mfcribbon-ms</Extensions>
    </Filter>
    <Filter Include="GeoDatabaseShape">
      <UniqueIdentifier>{54a29194-4606-4151-8ac7-5d7f6cbde835}</UniqueIdentifier>
    </Filter>
    <Filter Include="GeoDatabaseEmbDB">
      <UniqueIdentifier>{be2a12a8-95a8-44dc-89f9-4809fca6f6e1}</UniqueIdentifier>
    </Filter>
    <Filter Include="GeoDatabaseSQlite">
      <UniqueIdentifier>{450bba54-44ce-4607-874b-9e88b7430b8c}</UniqueIdentifier>
    </Filter>
    <Filter Include="GeoDatabaseSQlite\sqlite3">
      <UniqueIdentifier>{cf07cc22-bfa8-4548-9e19-443c7fdca784}</UniqueIdentifier>
    </Filter>
    <Filter Include="GeoDatabaseSQlite\SQLiteUtils">
      <UniqueIdentifier>{4437550b-5099-4e0e-82c3-f41fe13e9caf}</UniqueIdentifier>
    </Filter>
  </ItemGroup>
  <ItemGroup>
    <None Include="ReadMe.txt" />
  </ItemGroup>
  <ItemGroup>
    <ClInclude Include="stdafx.h">
      <Filter>Header Files</Filter>
    </ClInclude>
    <ClInclude Include="targetver.h">
      <Filter>Header Files</Filter>
    </ClInclude>
    <ClInclude Include="GeoDatabase.h">
      <Filter>Header Files</Filter>
    </ClInclude>
    <ClInclude Include="ShapefileWorkspace.h">
      <Filter>GeoDatabaseShape</Filter>
    </ClInclude>
    <ClInclude Include="ShapefileFeatureClass.h">
      <Filter>GeoDatabaseShape</Filter>
    </ClInclude>
    <ClInclude Include="ShapefileUtils.h">
      <Filter>GeoDatabaseShape</Filter>
    </ClInclude>
    <ClInclude Include="Field.h">
      <Filter>Header Files</Filter>
    </ClInclude>
    <ClInclude Include="FieldSet.h">
      <Filter>Header Files</Filter>
    </ClInclude>
    <ClInclude Include="Fields.h">
      <Filter>Header Files</Filter>
    </ClInclude>
    <ClInclude Include="GeometryDef.h">
      <Filter>Header Files</Filter>
    </ClInclude>
    <ClInclude Include="ShapefileRowCursor.h">
      <Filter>GeoDatabaseShape</Filter>
    </ClInclude>
    <ClInclude Include="Feature.h">
      <Filter>Header Files</Filter>
    </ClInclude>
    <ClInclude Include="OIDSet.h">
      <Filter>Header Files</Filter>
    </ClInclude>
    <ClInclude Include="QueryFilter.h">
      <Filter>Header Files</Filter>
    </ClInclude>
    <ClInclude Include="GeoDatabaseLib.h">
      <Filter>Header Files</Filter>
    </ClInclude>
    <ClInclude Include="SQLiteWorkspace.h">
      <Filter>GeoDatabaseSQlite</Filter>
    </ClInclude>
    <ClInclude Include="sqlite3\sqlite3.h">
      <Filter>GeoDatabaseSQlite\sqlite3</Filter>
    </ClInclude>
    <ClInclude Include="sqlite3\sqlite3ext.h">
      <Filter>GeoDatabaseSQlite\sqlite3</Filter>
    </ClInclude>
    <ClInclude Include="TableBase.h">
      <Filter>Header Files</Filter>
    </ClInclude>
    <ClInclude Include="DatasetBase.h">
      <Filter>Header Files</Filter>
    </ClInclude>
    <ClInclude Include="FeatureClassBase.h">
      <Filter>Header Files</Filter>
    </ClInclude>
    <ClInclude Include="CursorBase.h">
      <Filter>Header Files</Filter>
    </ClInclude>
    <ClInclude Include="SQLiteTable.h">
      <Filter>GeoDatabaseSQlite</Filter>
    </ClInclude>
    <ClInclude Include="WorkspaceBase.h">
      <Filter>Header Files</Filter>
    </ClInclude>
    <ClInclude Include="GeoDatabaseUtils.h">
      <Filter>Header Files</Filter>
    </ClInclude>
    <ClInclude Include="SQLiteFeatureClass.h">
      <Filter>GeoDatabaseSQlite</Filter>
    </ClInclude>
    <ClInclude Include="SQLiteTransaction.h">
      <Filter>GeoDatabaseSQlite</Filter>
    </ClInclude>
    <ClInclude Include="SQLiteRowCursor.h">
      <Filter>GeoDatabaseSQlite</Filter>
    </ClInclude>
    <ClInclude Include="InsertCursorBase.h">
      <Filter>Header Files</Filter>
    </ClInclude>
    <ClInclude Include="SQLiteInsertCursor.h">
      <Filter>GeoDatabaseSQlite</Filter>
    </ClInclude>
    <ClInclude Include="SQLiteUtils.h">
      <Filter>GeoDatabaseSQlite\SQLiteUtils</Filter>
    </ClInclude>
    <ClInclude Include="SQLIteDB.h">
      <Filter>GeoDatabaseSQlite\SQLiteUtils</Filter>
    </ClInclude>
    <ClInclude Include="SQLiteResultSet.h">
      <Filter>GeoDatabaseSQlite\SQLiteUtils</Filter>
    </ClInclude>
    <ClInclude Include="LoaderWorkspase.h">
      <Filter>Header Files</Filter>
    </ClInclude>
    <ClInclude Include="EmbDBWorkspace.h">
      <Filter>GeoDatabaseEmbDB</Filter>
    </ClInclude>
    <ClInclude Include="EmbDBFeatureClass.h">
      <Filter>GeoDatabaseEmbDB</Filter>
    </ClInclude>
    <ClInclude Include="embDBUtils.h">
      <Filter>GeoDatabaseEmbDB</Filter>
    </ClInclude>
    <ClInclude Include="EmbDBRowCursor.h">
      <Filter>GeoDatabaseEmbDB</Filter>
    </ClInclude>
    <ClInclude Include="EmbDBInsertCursor.h">
      <Filter>GeoDatabaseEmbDB</Filter>
    </ClInclude>
    <ClInclude Include="EmbDBTransaction.h">
      <Filter>GeoDatabaseEmbDB</Filter>
    </ClInclude>
    <ClInclude Include="EmbDBTable.h">
      <Filter>GeoDatabaseEmbDB</Filter>
    </ClInclude>
  </ItemGroup>
  <ItemGroup>
    <ClCompile Include="stdafx.cpp">
      <Filter>Source Files</Filter>
    </ClCompile>
    <ClCompile Include="ShapefileWorkspace.cpp">
      <Filter>GeoDatabaseShape</Filter>
    </ClCompile>
    <ClCompile Include="ShapefileFeatureClass.cpp">
      <Filter>GeoDatabaseShape</Filter>
    </ClCompile>
    <ClCompile Include="ShapefileUtils.cpp">
      <Filter>GeoDatabaseShape</Filter>
    </ClCompile>
    <ClCompile Include="Field.cpp">
      <Filter>Source Files</Filter>
    </ClCompile>
    <ClCompile Include="FieldSet.cpp">
      <Filter>Source Files</Filter>
    </ClCompile>
    <ClCompile Include="Fields.cpp">
      <Filter>Source Files</Filter>
    </ClCompile>
    <ClCompile Include="GeometryDef.cpp">
      <Filter>Source Files</Filter>
    </ClCompile>
    <ClCompile Include="ShapefileRowCursor.cpp">
      <Filter>GeoDatabaseShape</Filter>
    </ClCompile>
    <ClCompile Include="Feature.cpp">
      <Filter>Source Files</Filter>
    </ClCompile>
    <ClCompile Include="OIDSet.cpp">
      <Filter>Source Files</Filter>
    </ClCompile>
    <ClCompile Include="QueryFilter.cpp">
      <Filter>Source Files</Filter>
    </ClCompile>
    <ClCompile Include="SQLiteWorkspace.cpp">
      <Filter>GeoDatabaseSQlite</Filter>
    </ClCompile>
    <ClCompile Include="sqlite3\shell.c">
      <Filter>GeoDatabaseSQlite\sqlite3</Filter>
    </ClCompile>
    <ClCompile Include="SQLiteTable.cpp">
      <Filter>GeoDatabaseSQlite</Filter>
    </ClCompile>
    <ClCompile Include="WorkspaceBase.cpp">
      <Filter>Header Files</Filter>
    </ClCompile>
    <ClCompile Include="GeoDatabaseUtils.cpp">
      <Filter>Source Files</Filter>
    </ClCompile>
    <ClCompile Include="SQLiteFeatureClass.cpp">
      <Filter>GeoDatabaseSQlite</Filter>
    </ClCompile>
    <ClCompile Include="SQLiteTransaction.cpp">
      <Filter>GeoDatabaseSQlite</Filter>
    </ClCompile>
    <ClCompile Include="SQLiteRowCursor.cpp">
      <Filter>GeoDatabaseSQlite</Filter>
    </ClCompile>
    <ClCompile Include="SQLiteInsertCursor.cpp">
      <Filter>GeoDatabaseSQlite</Filter>
    </ClCompile>
    <ClCompile Include="sqlite3\sqlite3.c">
      <Filter>GeoDatabaseSQlite\sqlite3</Filter>
    </ClCompile>
    <ClCompile Include="SQLiteUtils.cpp">
      <Filter>GeoDatabaseSQlite\SQLiteUtils</Filter>
    </ClCompile>
    <ClCompile Include="GeoDatabase.cpp">
      <Filter>Source Files</Filter>
    </ClCompile>
    <ClCompile Include="LoaderWorkspase.cpp">
      <Filter>Header Files</Filter>
    </ClCompile>
    <ClCompile Include="EmbDBWorkspace.cpp">
      <Filter>GeoDatabaseEmbDB</Filter>
    </ClCompile>
    <ClCompile Include="EmbDBFeatureClass.cpp">
      <Filter>GeoDatabaseEmbDB</Filter>
    </ClCompile>
    <ClCompile Include="embDBUtils.cpp">
      <Filter>GeoDatabaseEmbDB</Filter>
    </ClCompile>
    <ClCompile Include="EmbDBRowCursor.cpp">
      <Filter>GeoDatabaseEmbDB</Filter>
    </ClCompile>
    <ClCompile Include="EmbDBInsertCursor.cpp">
      <Filter>GeoDatabaseEmbDB</Filter>
    </ClCompile>
    <ClCompile Include="EmbDBTransaction.cpp">
      <Filter>GeoDatabaseEmbDB</Filter>
    </ClCompile>
    <ClCompile Include="EmbDBTable.cpp">
      <Filter>GeoDatabaseEmbDB</Filter>
    </ClCompile>
  </ItemGroup>
</Project>