<?xml version="1.0" encoding="utf-8"?>
<Project ToolsVersion="4.0" xmlns="http://schemas.microsoft.com/developer/msbuild/2003">
  <ItemGroup>
    <Filter Include="Source Files">
      <UniqueIdentifier>{4FC737F1-C7A5-4376-A066-2A32D752A2FF}</UniqueIdentifier>
      <Extensions>cpp;c;cc;cxx;def;odl;idl;hpj;bat;asm;asmx</Extensions>
    </Filter>
    <Filter Include="Header Files">
      <UniqueIdentifier>{93995380-89BD-4b04-88EB-625FBE52EBFB}</UniqueIdentifier>
      <Extensions>h;hpp;hxx;hm;inl;inc;xsd</Extensions>
    </Filter>
    <Filter Include="Resource Files">
      <UniqueIdentifier>{67DA6AB6-F800-4c08-8B7A-83BB121AAD01}</UniqueIdentifier>
      <Extensions>rc;ico;cur;bmp;dlg;rc2;rct;bin;rgs;gif;jpg;jpeg;jpe;resx;tiff;tif;png;wav;mfcribbon-ms</Extensions>
    </Filter>
    <Filter Include="GraphTypes">
      <UniqueIdentifier>{7eb4c715-4198-4bf7-b264-5c09515fa9bb}</UniqueIdentifier>
    </Filter>
    <Filter Include="Transformation">
      <UniqueIdentifier>{742f9ffa-8b88-4660-b585-7907f1836620}</UniqueIdentifier>
    </Filter>
    <Filter Include="Clip">
      <UniqueIdentifier>{8dfe6908-9ead-463a-8044-3d223116a2c3}</UniqueIdentifier>
    </Filter>
    <Filter Include="GraphTypes\img">
      <UniqueIdentifier>{5a75d6dd-593a-45ee-94ad-2c4546efa46a}</UniqueIdentifier>
    </Filter>
    <Filter Include="GraphicsAgg">
      <UniqueIdentifier>{43396ac5-1fd0-46d9-873a-195ee821d474}</UniqueIdentifier>
    </Filter>
    <Filter Include="GraphicsOpenGL">
      <UniqueIdentifier>{cda2956f-b257-49c8-abe2-f158a1d93df4}</UniqueIdentifier>
    </Filter>
    <Filter Include="GraphicsWinGDI">
      <UniqueIdentifier>{f639229b-a8e5-44e3-89b5-0f1ad89c7293}</UniqueIdentifier>
    </Filter>
    <Filter Include="symbols">
      <UniqueIdentifier>{a97f4b37-6934-4d24-8435-2cea51b09f54}</UniqueIdentifier>
    </Filter>
  </ItemGroup>
  <ItemGroup>
    <None Include="ReadMe.txt" />
  </ItemGroup>
  <ItemGroup>
    <ClInclude Include="stdafx.h">
      <Filter>Header Files</Filter>
    </ClInclude>
    <ClInclude Include="targetver.h">
      <Filter>Header Files</Filter>
    </ClInclude>
    <ClInclude Include="Graphics.h">
      <Filter>Header Files</Filter>
    </ClInclude>
    <ClInclude Include="DisplayTypes.h">
      <Filter>Header Files</Filter>
    </ClInclude>
    <ClInclude Include="DisplayMath.h">
      <Filter>Header Files</Filter>
    </ClInclude>
    <ClInclude Include="GraphTypes.h">
      <Filter>GraphTypes</Filter>
    </ClInclude>
    <ClInclude Include="Color.h">
      <Filter>GraphTypes</Filter>
    </ClInclude>
    <ClInclude Include="Point.h">
      <Filter>GraphTypes</Filter>
    </ClInclude>
    <ClInclude Include="Rect.h">
      <Filter>GraphTypes</Filter>
    </ClInclude>
    <ClInclude Include="Vector3d.h">
      <Filter>Transformation</Filter>
    </ClInclude>
    <ClInclude Include="Matrix4.h">
      <Filter>Transformation</Filter>
    </ClInclude>
    <ClInclude Include="Bitmap.h">
      <Filter>GraphTypes</Filter>
    </ClInclude>
    <ClInclude Include="ReadPng.h">
      <Filter>GraphTypes\img</Filter>
    </ClInclude>
    <ClInclude Include="ReadJPG.h">
      <Filter>GraphTypes\img</Filter>
    </ClInclude>
    <ClInclude Include="Pen.h">
      <Filter>GraphTypes</Filter>
    </ClInclude>
    <ClInclude Include="Brush.h">
      <Filter>GraphTypes</Filter>
    </ClInclude>
    <ClInclude Include="Font.h">
      <Filter>GraphTypes</Filter>
    </ClInclude>
    <ClInclude Include="GraphicsAgg.h">
      <Filter>GraphicsAgg</Filter>
    </ClInclude>
    <ClInclude Include="conv_offset.h">
      <Filter>Header Files</Filter>
    </ClInclude>
    <ClInclude Include="VertexSrc.h">
      <Filter>GraphicsAgg</Filter>
    </ClInclude>
    <ClInclude Include="Displaylib_lib.h">
      <Filter>Header Files</Filter>
    </ClInclude>
    <ClInclude Include="GraphicsWinGDI.h">
      <Filter>GraphicsWinGDI</Filter>
    </ClInclude>
    <ClInclude Include="RectClipper.h">
      <Filter>Clip</Filter>
    </ClInclude>
    <ClInclude Include="Clip.h">
      <Filter>Clip</Filter>
    </ClInclude>
    <ClInclude Include="ClipRectAlloc.h">
      <Filter>Clip</Filter>
    </ClInclude>
    <ClInclude Include="IDisplayTransformation.h">
      <Filter>Transformation</Filter>
    </ClInclude>
    <ClInclude Include="Display.h">
      <Filter>Header Files</Filter>
    </ClInclude>
    <ClInclude Include="SimpleLineSymbol.h">
      <Filter>symbols</Filter>
    </ClInclude>
    <ClInclude Include="SimpleFillSymbol.h">
      <Filter>symbols</Filter>
    </ClInclude>
    <ClInclude Include="SymbolBase.h">
      <Filter>symbols</Filter>
    </ClInclude>
    <ClInclude Include="LoaderSymbols.h">
      <Filter>symbols</Filter>
    </ClInclude>
    <ClInclude Include="SymbolFillBase.h">
      <Filter>symbols</Filter>
    </ClInclude>
  </ItemGroup>
  <ItemGroup>
    <ClCompile Include="stdafx.cpp">
      <Filter>Source Files</Filter>
    </ClCompile>
    <ClCompile Include="Color.cpp">
      <Filter>GraphTypes</Filter>
    </ClCompile>
    <ClCompile Include="Bitmap.cpp">
      <Filter>GraphTypes</Filter>
    </ClCompile>
    <ClCompile Include="ReadPng.cpp">
      <Filter>GraphTypes\img</Filter>
    </ClCompile>
    <ClCompile Include="ReadJPG.cpp">
      <Filter>GraphTypes\img</Filter>
    </ClCompile>
    <ClCompile Include="Point.cpp">
      <Filter>GraphTypes</Filter>
    </ClCompile>
    <ClCompile Include="Rect.cpp">
      <Filter>GraphTypes</Filter>
    </ClCompile>
    <ClCompile Include="Pen.cpp">
      <Filter>GraphTypes</Filter>
    </ClCompile>
    <ClCompile Include="Brush.cpp">
      <Filter>GraphTypes</Filter>
    </ClCompile>
    <ClCompile Include="Font.cpp">
      <Filter>GraphTypes</Filter>
    </ClCompile>
    <ClCompile Include="GraphicsAgg.cpp">
      <Filter>GraphicsAgg</Filter>
    </ClCompile>
    <ClCompile Include="conv_offset.cpp">
      <Filter>Source Files</Filter>
    </ClCompile>
    <ClCompile Include="VertexSrc.cpp">
      <Filter>GraphicsAgg</Filter>
    </ClCompile>
    <ClCompile Include="GraphicsWinGDI.cpp">
      <Filter>GraphicsWinGDI</Filter>
    </ClCompile>
    <ClCompile Include="RectClipper.cpp">
      <Filter>Clip</Filter>
    </ClCompile>
    <ClCompile Include="ClipRectAlloc.cpp">
      <Filter>Clip</Filter>
    </ClCompile>
    <ClCompile Include="SimpleLineSymbol.cpp">
      <Filter>symbols</Filter>
    </ClCompile>
    <ClCompile Include="SimpleFillSymbol.cpp">
      <Filter>symbols</Filter>
    </ClCompile>
    <ClCompile Include="LoaderSymbols.cpp">
      <Filter>symbols</Filter>
    </ClCompile>
  </ItemGroup>
</Project>