<?xml version="1.0" encoding="utf-8"?>
<Project ToolsVersion="4.0" xmlns="http://schemas.microsoft.com/developer/msbuild/2003">
  <ItemGroup>
    <Filter Include="Source Files">
      <UniqueIdentifier>{3bfabb61-c9b5-43bd-804a-bb81f51630fc}</UniqueIdentifier>
    </Filter>
    <Filter Include="Generated Files">
      <UniqueIdentifier>{9ae262eb-eb52-4bf3-9056-593fb80e15d7}</UniqueIdentifier>
      <SourceControlFiles>False</SourceControlFiles>
    </Filter>
  </ItemGroup>
  <ItemGroup>
    <None Include="ArcMapExtractorps.def" />
  </ItemGroup>
  <ItemGroup>
    <ClCompile Include="ArcMapExtractor_i.c">
      <Filter>Generated Files</Filter>
    </ClCompile>
    <ClCompile Include="ArcMapExtractor_p.c">
      <Filter>Generated Files</Filter>
    </ClCompile>
    <ClCompile Include="dlldata.c">
      <Filter>Generated Files</Filter>
    </ClCompile>
  </ItemGroup>
</Project>