<?xml version="1.0" encoding="utf-8"?>
<Project ToolsVersion="4.0" xmlns="http://schemas.microsoft.com/developer/msbuild/2003">
  <ItemGroup>
    <Filter Include="Source Files">
      <UniqueIdentifier>{4FC737F1-C7A5-4376-A066-2A32D752A2FF}</UniqueIdentifier>
      <Extensions>cpp;c;cc;cxx;def;odl;idl;hpj;bat;asm;asmx</Extensions>
    </Filter>
    <Filter Include="Header Files">
      <UniqueIdentifier>{93995380-89BD-4b04-88EB-625FBE52EBFB}</UniqueIdentifier>
      <Extensions>h;hpp;hxx;hm;inl;inc;xsd</Extensions>
    </Filter>
    <Filter Include="Resource Files">
      <UniqueIdentifier>{67DA6AB6-F800-4c08-8B7A-83BB121AAD01}</UniqueIdentifier>
      <Extensions>rc;ico;cur;bmp;dlg;rc2;rct;bin;rgs;gif;jpg;jpeg;jpe;resx;tiff;tif;png;wav;mfcribbon-ms</Extensions>
    </Filter>
    <Filter Include="AC">
      <UniqueIdentifier>{644ca041-1336-4a99-abd1-5d0333c66d88}</UniqueIdentifier>
    </Filter>
    <Filter Include="RangeCode">
      <UniqueIdentifier>{b693431e-dc19-46a3-aaac-f69162a14055}</UniqueIdentifier>
    </Filter>
    <Filter Include="Tests">
      <UniqueIdentifier>{a6954ed8-a525-46d4-99c2-94b8c401acf4}</UniqueIdentifier>
    </Filter>
    <Filter Include="TestNumLen">
      <UniqueIdentifier>{fccf1f2d-961e-4bd4-82d3-c58f0a24650d}</UniqueIdentifier>
    </Filter>
    <Filter Include="TestDiffComp">
      <UniqueIdentifier>{2abcf42f-cf42-45fb-92e4-c4fa1c9cbbed}</UniqueIdentifier>
    </Filter>
    <Filter Include="BWT">
      <UniqueIdentifier>{bb3d2373-56ba-466f-b026-f95b069f1575}</UniqueIdentifier>
    </Filter>
    <Filter Include="DoubleCompress">
      <UniqueIdentifier>{5058a9ff-1274-498a-a9e6-f92e02d91a8c}</UniqueIdentifier>
    </Filter>
    <Filter Include="ZlibTest">
      <UniqueIdentifier>{74a36aac-b02f-4d3a-9580-af920f60cf39}</UniqueIdentifier>
    </Filter>
  </ItemGroup>
  <ItemGroup>
    <None Include="TestAC.h">
      <Filter>AC</Filter>
    </None>
  </ItemGroup>
  <ItemGroup>
    <ClInclude Include="stdafx.h">
      <Filter>Header Files</Filter>
    </ClInclude>
    <ClInclude Include="targetver.h">
      <Filter>Header Files</Filter>
    </ClInclude>
    <ClInclude Include="ArithmeticCoder.h">
      <Filter>AC</Filter>
    </ClInclude>
    <ClInclude Include="RangeCoder.h">
      <Filter>RangeCode</Filter>
    </ClInclude>
    <ClInclude Include="ACEncoder.h">
      <Filter>AC</Filter>
    </ClInclude>
    <ClInclude Include="ACDecoder.h">
      <Filter>AC</Filter>
    </ClInclude>
    <ClInclude Include="range.h">
      <Filter>Header Files</Filter>
    </ClInclude>
    <ClInclude Include="Test.h">
      <Filter>Tests</Filter>
    </ClInclude>
    <ClInclude Include="testNumLem.h">
      <Filter>TestNumLen</Filter>
    </ClInclude>
    <ClInclude Include="TestDiffComp.h">
      <Filter>TestDiffComp</Filter>
    </ClInclude>
    <ClInclude Include="BWTSort.h">
      <Filter>BWT</Filter>
    </ClInclude>
  </ItemGroup>
  <ItemGroup>
    <ClCompile Include="stdafx.cpp">
      <Filter>Source Files</Filter>
    </ClCompile>
    <ClCompile Include="TestCompress.cpp">
      <Filter>Source Files</Filter>
    </ClCompile>
    <ClCompile Include="TestAC.cpp">
      <Filter>AC</Filter>
    </ClCompile>
    <ClCompile Include="ArithmeticCoder.cpp">
      <Filter>AC</Filter>
    </ClCompile>
    <ClCompile Include="range.c">
      <Filter>Header Files</Filter>
    </ClCompile>
    <ClCompile Include="testRange.cpp">
      <Filter>RangeCode</Filter>
    </ClCompile>
    <ClCompile Include="testStaticRange.cpp">
      <Filter>RangeCode</Filter>
    </ClCompile>
    <ClCompile Include="Test.cpp">
      <Filter>Tests</Filter>
    </ClCompile>
    <ClCompile Include="testNumLem.cpp">
      <Filter>TestNumLen</Filter>
    </ClCompile>
    <ClCompile Include="TestDiffComp.cpp">
      <Filter>TestDiffComp</Filter>
    </ClCompile>
    <ClCompile Include="BWTSort.cpp">
      <Filter>BWT</Filter>
    </ClCompile>
    <ClCompile Include="TestDoubleCompress.cpp">
      <Filter>DoubleCompress</Filter>
    </ClCompile>
    <ClCompile Include="zlibTest.cpp">
      <Filter>ZlibTest</Filter>
    </ClCompile>
  </ItemGroup>
</Project>