
Microsoft Visual Studio Solution File, Format Version 11.00
# Visual Studio 2010
Project("{8BC9CEB8-8B4A-11D0-8D11-00A0C91BC942}") = "EmbDBCore", "EmbDB\EmbDB.vcxproj", "{D76DD745-26D6-4D7B-95DE-44A65EF4FA4E}"
EndProject
Project("{2150E333-8FDC-42A3-9474-1A3956D46DE8}") = "Test", "Test", "{34C99FE0-8FF8-496C-8E83-ACAC8E02C2C4}"
EndProject
Project("{8BC9CEB8-8B4A-11D0-8D11-00A0C91BC942}") = "TestRBTree", "Tests\TestRBTree\TestRBTree.vcxproj", "{C2368919-2837-45BB-BD46-7B5A300CF994}"
EndProject
Project("{8BC9CEB8-8B4A-11D0-8D11-00A0C91BC942}") = "TestCommonLib", "TestCommonLib\TestCommonLib.vcxproj", "{2BCDCFE3-C07C-49F8-A7B8-19950FF1896E}"
EndProject
Project("{2150E333-8FDC-42A3-9474-1A3956D46DE8}") = "tmp", "tmp", "{AD570B30-1DE0-4795-85B0-DE08D20ED517}"
EndProject
Project("{8BC9CEB8-8B4A-11D0-8D11-00A0C91BC942}") = "TestBTree", "Tests\TestBTree\TestBTree.vcxproj", "{EE68302F-9C9F-4CBE-BC8E-4376775E5672}"
EndProject
Project("{8BC9CEB8-8B4A-11D0-8D11-00A0C91BC942}") = "TestDB", "Tests\TestDB\TestDB.vcxproj", "{6BD9ADC0-B04B-4FEF-A789-D4214DC05643}"
EndProject
Project("{8BC9CEB8-8B4A-11D0-8D11-00A0C91BC942}") = "TestBPlusTree", "Tests\TestBPlusTree\TestBPlusTree.vcxproj", "{2C6E19FB-00AB-42E4-A878-B3649A7EC786}"
EndProject
Project("{8BC9CEB8-8B4A-11D0-8D11-00A0C91BC942}") = "TestSpatialTree", "Tests\TestSpatialTree\TestSpatialTree.vcxproj", "{956AA4CD-7835-4BD5-BC4C-FC43CFB453DA}"
EndProject
Project("{2150E333-8FDC-42A3-9474-1A3956D46DE8}") = "utils", "utils", "{275A4434-D285-4057-B018-6A35D5A05A67}"
EndProject
Project("{8BC9CEB8-8B4A-11D0-8D11-00A0C91BC942}") = "BitsCodeGenerator", "Utils\BitsCodeGenerator\BitsCodeGenerator.vcxproj", "{4ADE3B7C-7319-43E6-B128-B4B951B48DEC}"
EndProject
Project("{8BC9CEB8-8B4A-11D0-8D11-00A0C91BC942}") = "DatasetLite", "DatasetLite\DatasetLite.vcxproj", "{1B28886F-D31F-4ED0-A2B6-8CED3976CDED}"
EndProject
Project("{2150E333-8FDC-42A3-9474-1A3956D46DE8}") = "1", "1", "{D8432899-640A-4F2A-AC4B-C7B8811360BC}"
EndProject
Project("{8BC9CEB8-8B4A-11D0-8D11-00A0C91BC942}") = "TestBPlusTreeV2", "Tests\TestBPlusTreeV2\TestBPlusTreeV2.vcxproj", "{5B011EC5-3D3E-4339-BE78-DDB5519F0F02}"
EndProject
Project("{8BC9CEB8-8B4A-11D0-8D11-00A0C91BC942}") = "TestProject", "..\..\..\..\B+Tree-1.0\example\TestProject.vcxproj", "{D057A8A6-5F2D-4A23-A5E2-14AFEAEBE37A}"
EndProject
Project("{8BC9CEB8-8B4A-11D0-8D11-00A0C91BC942}") = "DBFileViewerLib", "DBViewerLib\DBViewerLib.vcxproj", "{6DBCD449-4545-4C19-94D9-E80C8C515167}"
EndProject
Project("{2150E333-8FDC-42A3-9474-1A3956D46DE8}") = "Plans", "Plans", "{A15B10F5-B1DA-4D6E-984D-37630DEC688F}"
	ProjectSection(SolutionItems) = preProject
		TODO.txt = TODO.txt
	EndProjectSection
EndProject
Project("{8BC9CEB8-8B4A-11D0-8D11-00A0C91BC942}") = "TestCompress", "Tests\TestCompress\TestCompress.vcxproj", "{168C6F5A-2D24-4426-947A-7B67868F5DA4}"
EndProject
Project("{8BC9CEB8-8B4A-11D0-8D11-00A0C91BC942}") = "Crypto", "Tests\Crypto\Crypto.vcxproj", "{E49770BC-9683-45F3-A29C-98C63EEE7185}"
EndProject
Global
	GlobalSection(SolutionConfigurationPlatforms) = preSolution
		debug_shared|Win32 = debug_shared|Win32
		debug_shared|x64 = debug_shared|x64
		debug_static|Win32 = debug_static|Win32
		debug_static|x64 = debug_static|x64
		Debug|Win32 = Debug|Win32
		Debug|x64 = Debug|x64
		ds|Win32 = ds|Win32
		ds|x64 = ds|x64
		release_shared|Win32 = release_shared|Win32
		release_shared|x64 = release_shared|x64
		release_static|Win32 = release_static|Win32
		release_static|x64 = release_static|x64
		Release|Win32 = Release|Win32
		Release|x64 = Release|x64
	EndGlobalSection
	GlobalSection(ProjectConfigurationPlatforms) = postSolution
		{D76DD745-26D6-4D7B-95DE-44A65EF4FA4E}.debug_shared|Win32.ActiveCfg = debug_shared|Win32
		{D76DD745-26D6-4D7B-95DE-44A65EF4FA4E}.debug_shared|Win32.Build.0 = debug_shared|Win32
		{D76DD745-26D6-4D7B-95DE-44A65EF4FA4E}.debug_shared|x64.ActiveCfg = debug_shared|x64
		{D76DD745-26D6-4D7B-95DE-44A65EF4FA4E}.debug_shared|x64.Build.0 = debug_shared|x64
		{D76DD745-26D6-4D7B-95DE-44A65EF4FA4E}.debug_static|Win32.ActiveCfg = debug_static|Win32
		{D76DD745-26D6-4D7B-95DE-44A65EF4FA4E}.debug_static|Win32.Build.0 = debug_static|Win32
		{D76DD745-26D6-4D7B-95DE-44A65EF4FA4E}.debug_static|x64.ActiveCfg = debug_static|x64
		{D76DD745-26D6-4D7B-95DE-44A65EF4FA4E}.debug_static|x64.Build.0 = debug_static|x64
		{D76DD745-26D6-4D7B-95DE-44A65EF4FA4E}.Debug|Win32.ActiveCfg = Debug|Win32
		{D76DD745-26D6-4D7B-95DE-44A65EF4FA4E}.Debug|Win32.Build.0 = Debug|Win32
		{D76DD745-26D6-4D7B-95DE-44A65EF4FA4E}.Debug|x64.ActiveCfg = Debug|x64
		{D76DD745-26D6-4D7B-95DE-44A65EF4FA4E}.Debug|x64.Build.0 = Debug|x64
		{D76DD745-26D6-4D7B-95DE-44A65EF4FA4E}.ds|Win32.ActiveCfg = Debug|x64
		{D76DD745-26D6-4D7B-95DE-44A65EF4FA4E}.ds|x64.ActiveCfg = Debug|x64
		{D76DD745-26D6-4D7B-95DE-44A65EF4FA4E}.ds|x64.Build.0 = Debug|x64
		{D76DD745-26D6-4D7B-95DE-44A65EF4FA4E}.release_shared|Win32.ActiveCfg = release_shared|Win32
		{D76DD745-26D6-4D7B-95DE-44A65EF4FA4E}.release_shared|Win32.Build.0 = release_shared|Win32
		{D76DD745-26D6-4D7B-95DE-44A65EF4FA4E}.release_shared|x64.ActiveCfg = release_shared|x64
		{D76DD745-26D6-4D7B-95DE-44A65EF4FA4E}.release_shared|x64.Build.0 = release_shared|x64
		{D76DD745-26D6-4D7B-95DE-44A65EF4FA4E}.release_static|Win32.ActiveCfg = release_static|Win32
		{D76DD745-26D6-4D7B-95DE-44A65EF4FA4E}.release_static|Win32.Build.0 = release_static|Win32
		{D76DD745-26D6-4D7B-95DE-44A65EF4FA4E}.release_static|x64.ActiveCfg = release_static|x64
		{D76DD745-26D6-4D7B-95DE-44A65EF4FA4E}.release_static|x64.Build.0 = release_static|x64
		{D76DD745-26D6-4D7B-95DE-44A65EF4FA4E}.Release|Win32.ActiveCfg = Release|Win32
		{D76DD745-26D6-4D7B-95DE-44A65EF4FA4E}.Release|Win32.Build.0 = Release|Win32
		{D76DD745-26D6-4D7B-95DE-44A65EF4FA4E}.Release|x64.ActiveCfg = Release|x64
		{D76DD745-26D6-4D7B-95DE-44A65EF4FA4E}.Release|x64.Build.0 = Release|x64
		{C2368919-2837-45BB-BD46-7B5A300CF994}.debug_shared|Win32.ActiveCfg = Debug|Win32
		{C2368919-2837-45BB-BD46-7B5A300CF994}.debug_shared|Win32.Build.0 = Debug|Win32
		{C2368919-2837-45BB-BD46-7B5A300CF994}.debug_shared|x64.ActiveCfg = Debug|Win32
		{C2368919-2837-45BB-BD46-7B5A300CF994}.debug_static|Win32.ActiveCfg = Debug|Win32
		{C2368919-2837-45BB-BD46-7B5A300CF994}.debug_static|Win32.Build.0 = Debug|Win32
		{C2368919-2837-45BB-BD46-7B5A300CF994}.debug_static|x64.ActiveCfg = Debug|Win32
		{C2368919-2837-45BB-BD46-7B5A300CF994}.Debug|Win32.ActiveCfg = Debug|Win32
		{C2368919-2837-45BB-BD46-7B5A300CF994}.Debug|Win32.Build.0 = Debug|Win32
		{C2368919-2837-45BB-BD46-7B5A300CF994}.Debug|x64.ActiveCfg = Debug|Win32
		{C2368919-2837-45BB-BD46-7B5A300CF994}.ds|Win32.ActiveCfg = Debug|Win32
		{C2368919-2837-45BB-BD46-7B5A300CF994}.ds|Win32.Build.0 = Debug|Win32
		{C2368919-2837-45BB-BD46-7B5A300CF994}.ds|x64.ActiveCfg = Debug|Win32
		{C2368919-2837-45BB-BD46-7B5A300CF994}.release_shared|Win32.ActiveCfg = Release|Win32
		{C2368919-2837-45BB-BD46-7B5A300CF994}.release_shared|Win32.Build.0 = Release|Win32
		{C2368919-2837-45BB-BD46-7B5A300CF994}.release_shared|x64.ActiveCfg = Release|Win32
		{C2368919-2837-45BB-BD46-7B5A300CF994}.release_static|Win32.ActiveCfg = Release|Win32
		{C2368919-2837-45BB-BD46-7B5A300CF994}.release_static|Win32.Build.0 = Release|Win32
		{C2368919-2837-45BB-BD46-7B5A300CF994}.release_static|x64.ActiveCfg = Release|Win32
		{C2368919-2837-45BB-BD46-7B5A300CF994}.Release|Win32.ActiveCfg = Release|Win32
		{C2368919-2837-45BB-BD46-7B5A300CF994}.Release|Win32.Build.0 = Release|Win32
		{C2368919-2837-45BB-BD46-7B5A300CF994}.Release|x64.ActiveCfg = Release|Win32
		{2BCDCFE3-C07C-49F8-A7B8-19950FF1896E}.debug_shared|Win32.ActiveCfg = Debug|Win32
		{2BCDCFE3-C07C-49F8-A7B8-19950FF1896E}.debug_shared|Win32.Build.0 = Debug|Win32
		{2BCDCFE3-C07C-49F8-A7B8-19950FF1896E}.debug_shared|x64.ActiveCfg = Debug|Win32
		{2BCDCFE3-C07C-49F8-A7B8-19950FF1896E}.debug_static|Win32.ActiveCfg = Debug|Win32
		{2BCDCFE3-C07C-49F8-A7B8-19950FF1896E}.debug_static|Win32.Build.0 = Debug|Win32
		{2BCDCFE3-C07C-49F8-A7B8-19950FF1896E}.debug_static|x64.ActiveCfg = Debug|Win32
		{2BCDCFE3-C07C-49F8-A7B8-19950FF1896E}.Debug|Win32.ActiveCfg = Debug|Win32
		{2BCDCFE3-C07C-49F8-A7B8-19950FF1896E}.Debug|Win32.Build.0 = Debug|Win32
		{2BCDCFE3-C07C-49F8-A7B8-19950FF1896E}.Debug|x64.ActiveCfg = Debug|Win32
		{2BCDCFE3-C07C-49F8-A7B8-19950FF1896E}.ds|Win32.ActiveCfg = Debug|Win32
		{2BCDCFE3-C07C-49F8-A7B8-19950FF1896E}.ds|Win32.Build.0 = Debug|Win32
		{2BCDCFE3-C07C-49F8-A7B8-19950FF1896E}.ds|x64.ActiveCfg = Debug|Win32
		{2BCDCFE3-C07C-49F8-A7B8-19950FF1896E}.release_shared|Win32.ActiveCfg = Release|Win32
		{2BCDCFE3-C07C-49F8-A7B8-19950FF1896E}.release_shared|Win32.Build.0 = Release|Win32
		{2BCDCFE3-C07C-49F8-A7B8-19950FF1896E}.release_shared|x64.ActiveCfg = Release|Win32
		{2BCDCFE3-C07C-49F8-A7B8-19950FF1896E}.release_static|Win32.ActiveCfg = Release|Win32
		{2BCDCFE3-C07C-49F8-A7B8-19950FF1896E}.release_static|Win32.Build.0 = Release|Win32
		{2BCDCFE3-C07C-49F8-A7B8-19950FF1896E}.release_static|x64.ActiveCfg = Release|Win32
		{2BCDCFE3-C07C-49F8-A7B8-19950FF1896E}.Release|Win32.ActiveCfg = Release|Win32
		{2BCDCFE3-C07C-49F8-A7B8-19950FF1896E}.Release|Win32.Build.0 = Release|Win32
		{2BCDCFE3-C07C-49F8-A7B8-19950FF1896E}.Release|x64.ActiveCfg = Release|Win32
		{EE68302F-9C9F-4CBE-BC8E-4376775E5672}.debug_shared|Win32.ActiveCfg = Debug|Win32
		{EE68302F-9C9F-4CBE-BC8E-4376775E5672}.debug_shared|Win32.Build.0 = Debug|Win32
		{EE68302F-9C9F-4CBE-BC8E-4376775E5672}.debug_shared|x64.ActiveCfg = Debug|Win32
		{EE68302F-9C9F-4CBE-BC8E-4376775E5672}.debug_static|Win32.ActiveCfg = Debug|Win32
		{EE68302F-9C9F-4CBE-BC8E-4376775E5672}.debug_static|Win32.Build.0 = Debug|Win32
		{EE68302F-9C9F-4CBE-BC8E-4376775E5672}.debug_static|x64.ActiveCfg = Debug|x64
		{EE68302F-9C9F-4CBE-BC8E-4376775E5672}.debug_static|x64.Build.0 = Debug|x64
		{EE68302F-9C9F-4CBE-BC8E-4376775E5672}.Debug|Win32.ActiveCfg = Debug|Win32
		{EE68302F-9C9F-4CBE-BC8E-4376775E5672}.Debug|Win32.Build.0 = Debug|Win32
		{EE68302F-9C9F-4CBE-BC8E-4376775E5672}.Debug|x64.ActiveCfg = Debug|Win32
		{EE68302F-9C9F-4CBE-BC8E-4376775E5672}.ds|Win32.ActiveCfg = ds|x64
		{EE68302F-9C9F-4CBE-BC8E-4376775E5672}.ds|Win32.Build.0 = ds|x64
		{EE68302F-9C9F-4CBE-BC8E-4376775E5672}.ds|x64.ActiveCfg = Debug|x64
		{EE68302F-9C9F-4CBE-BC8E-4376775E5672}.release_shared|Win32.ActiveCfg = Release|Win32
		{EE68302F-9C9F-4CBE-BC8E-4376775E5672}.release_shared|Win32.Build.0 = Release|Win32
		{EE68302F-9C9F-4CBE-BC8E-4376775E5672}.release_shared|x64.ActiveCfg = Release|Win32
		{EE68302F-9C9F-4CBE-BC8E-4376775E5672}.release_static|Win32.ActiveCfg = Release|Win32
		{EE68302F-9C9F-4CBE-BC8E-4376775E5672}.release_static|Win32.Build.0 = Release|Win32
		{EE68302F-9C9F-4CBE-BC8E-4376775E5672}.release_static|x64.ActiveCfg = Release|Win32
		{EE68302F-9C9F-4CBE-BC8E-4376775E5672}.Release|Win32.ActiveCfg = Release|Win32
		{EE68302F-9C9F-4CBE-BC8E-4376775E5672}.Release|Win32.Build.0 = Release|Win32
		{EE68302F-9C9F-4CBE-BC8E-4376775E5672}.Release|x64.ActiveCfg = Release|Win32
		{6BD9ADC0-B04B-4FEF-A789-D4214DC05643}.debug_shared|Win32.ActiveCfg = Debug|Win32
		{6BD9ADC0-B04B-4FEF-A789-D4214DC05643}.debug_shared|Win32.Build.0 = Debug|Win32
		{6BD9ADC0-B04B-4FEF-A789-D4214DC05643}.debug_shared|x64.ActiveCfg = Debug|Win32
		{6BD9ADC0-B04B-4FEF-A789-D4214DC05643}.debug_static|Win32.ActiveCfg = Debug|Win32
		{6BD9ADC0-B04B-4FEF-A789-D4214DC05643}.debug_static|Win32.Build.0 = Debug|Win32
		{6BD9ADC0-B04B-4FEF-A789-D4214DC05643}.debug_static|x64.ActiveCfg = Debug|x64
		{6BD9ADC0-B04B-4FEF-A789-D4214DC05643}.debug_static|x64.Build.0 = Debug|x64
		{6BD9ADC0-B04B-4FEF-A789-D4214DC05643}.Debug|Win32.ActiveCfg = Debug|Win32
		{6BD9ADC0-B04B-4FEF-A789-D4214DC05643}.Debug|Win32.Build.0 = Debug|Win32
		{6BD9ADC0-B04B-4FEF-A789-D4214DC05643}.Debug|x64.ActiveCfg = Debug|Win32
		{6BD9ADC0-B04B-4FEF-A789-D4214DC05643}.ds|Win32.ActiveCfg = Debug|Win32
		{6BD9ADC0-B04B-4FEF-A789-D4214DC05643}.ds|Win32.Build.0 = Debug|Win32
		{6BD9ADC0-B04B-4FEF-A789-D4214DC05643}.ds|x64.ActiveCfg = Debug|Win32
		{6BD9ADC0-B04B-4FEF-A789-D4214DC05643}.release_shared|Win32.ActiveCfg = Release|Win32
		{6BD9ADC0-B04B-4FEF-A789-D4214DC05643}.release_shared|Win32.Build.0 = Release|Win32
		{6BD9ADC0-B04B-4FEF-A789-D4214DC05643}.release_shared|x64.ActiveCfg = Release|Win32
		{6BD9ADC0-B04B-4FEF-A789-D4214DC05643}.release_static|Win32.ActiveCfg = Release|Win32
		{6BD9ADC0-B04B-4FEF-A789-D4214DC05643}.release_static|Win32.Build.0 = Release|Win32
		{6BD9ADC0-B04B-4FEF-A789-D4214DC05643}.release_static|x64.ActiveCfg = Release|x64
		{6BD9ADC0-B04B-4FEF-A789-D4214DC05643}.release_static|x64.Build.0 = Release|x64
		{6BD9ADC0-B04B-4FEF-A789-D4214DC05643}.Release|Win32.ActiveCfg = Release|Win32
		{6BD9ADC0-B04B-4FEF-A789-D4214DC05643}.Release|Win32.Build.0 = Release|Win32
		{6BD9ADC0-B04B-4FEF-A789-D4214DC05643}.Release|x64.ActiveCfg = Release|Win32
		{2C6E19FB-00AB-42E4-A878-B3649A7EC786}.debug_shared|Win32.ActiveCfg = Debug|Win32
		{2C6E19FB-00AB-42E4-A878-B3649A7EC786}.debug_shared|Win32.Build.0 = Debug|Win32
		{2C6E19FB-00AB-42E4-A878-B3649A7EC786}.debug_shared|x64.ActiveCfg = Debug|Win32
		{2C6E19FB-00AB-42E4-A878-B3649A7EC786}.debug_static|Win32.ActiveCfg = Debug|Win32
		{2C6E19FB-00AB-42E4-A878-B3649A7EC786}.debug_static|Win32.Build.0 = Debug|Win32
		{2C6E19FB-00AB-42E4-A878-B3649A7EC786}.debug_static|x64.ActiveCfg = Debug|x64
		{2C6E19FB-00AB-42E4-A878-B3649A7EC786}.debug_static|x64.Build.0 = Debug|x64
		{2C6E19FB-00AB-42E4-A878-B3649A7EC786}.Debug|Win32.ActiveCfg = Debug|Win32
		{2C6E19FB-00AB-42E4-A878-B3649A7EC786}.Debug|Win32.Build.0 = Debug|Win32
		{2C6E19FB-00AB-42E4-A878-B3649A7EC786}.Debug|x64.ActiveCfg = Debug|Win32
		{2C6E19FB-00AB-42E4-A878-B3649A7EC786}.ds|Win32.ActiveCfg = Debug|Win32
		{2C6E19FB-00AB-42E4-A878-B3649A7EC786}.ds|Win32.Build.0 = Debug|Win32
		{2C6E19FB-00AB-42E4-A878-B3649A7EC786}.ds|x64.ActiveCfg = Debug|Win32
		{2C6E19FB-00AB-42E4-A878-B3649A7EC786}.release_shared|Win32.ActiveCfg = Release|Win32
		{2C6E19FB-00AB-42E4-A878-B3649A7EC786}.release_shared|Win32.Build.0 = Release|Win32
		{2C6E19FB-00AB-42E4-A878-B3649A7EC786}.release_shared|x64.ActiveCfg = Release|Win32
		{2C6E19FB-00AB-42E4-A878-B3649A7EC786}.release_static|Win32.ActiveCfg = Release|Win32
		{2C6E19FB-00AB-42E4-A878-B3649A7EC786}.release_static|Win32.Build.0 = Release|Win32
		{2C6E19FB-00AB-42E4-A878-B3649A7EC786}.release_static|x64.ActiveCfg = Release|x64
		{2C6E19FB-00AB-42E4-A878-B3649A7EC786}.Release|Win32.ActiveCfg = Release|Win32
		{2C6E19FB-00AB-42E4-A878-B3649A7EC786}.Release|Win32.Build.0 = Release|Win32
		{2C6E19FB-00AB-42E4-A878-B3649A7EC786}.Release|x64.ActiveCfg = Release|Win32
		{956AA4CD-7835-4BD5-BC4C-FC43CFB453DA}.debug_shared|Win32.ActiveCfg = Debug|Win32
		{956AA4CD-7835-4BD5-BC4C-FC43CFB453DA}.debug_shared|Win32.Build.0 = Debug|Win32
		{956AA4CD-7835-4BD5-BC4C-FC43CFB453DA}.debug_shared|x64.ActiveCfg = Debug|Win32
		{956AA4CD-7835-4BD5-BC4C-FC43CFB453DA}.debug_static|Win32.ActiveCfg = Debug|Win32
		{956AA4CD-7835-4BD5-BC4C-FC43CFB453DA}.debug_static|Win32.Build.0 = Debug|Win32
		{956AA4CD-7835-4BD5-BC4C-FC43CFB453DA}.debug_static|x64.ActiveCfg = Debug|x64
		{956AA4CD-7835-4BD5-BC4C-FC43CFB453DA}.debug_static|x64.Build.0 = Debug|x64
		{956AA4CD-7835-4BD5-BC4C-FC43CFB453DA}.Debug|Win32.ActiveCfg = Debug|Win32
		{956AA4CD-7835-4BD5-BC4C-FC43CFB453DA}.Debug|Win32.Build.0 = Debug|Win32
		{956AA4CD-7835-4BD5-BC4C-FC43CFB453DA}.Debug|x64.ActiveCfg = Debug|Win32
		{956AA4CD-7835-4BD5-BC4C-FC43CFB453DA}.ds|Win32.ActiveCfg = Debug|Win32
		{956AA4CD-7835-4BD5-BC4C-FC43CFB453DA}.ds|Win32.Build.0 = Debug|Win32
		{956AA4CD-7835-4BD5-BC4C-FC43CFB453DA}.ds|x64.ActiveCfg = Debug|Win32
		{956AA4CD-7835-4BD5-BC4C-FC43CFB453DA}.release_shared|Win32.ActiveCfg = Release|Win32
		{956AA4CD-7835-4BD5-BC4C-FC43CFB453DA}.release_shared|Win32.Build.0 = Release|Win32
		{956AA4CD-7835-4BD5-BC4C-FC43CFB453DA}.release_shared|x64.ActiveCfg = Release|Win32
		{956AA4CD-7835-4BD5-BC4C-FC43CFB453DA}.release_static|Win32.ActiveCfg = Release|Win32
		{956AA4CD-7835-4BD5-BC4C-FC43CFB453DA}.release_static|Win32.Build.0 = Release|Win32
		{956AA4CD-7835-4BD5-BC4C-FC43CFB453DA}.release_static|x64.ActiveCfg = Release|Win32
		{956AA4CD-7835-4BD5-BC4C-FC43CFB453DA}.Release|Win32.ActiveCfg = Release|Win32
		{956AA4CD-7835-4BD5-BC4C-FC43CFB453DA}.Release|Win32.Build.0 = Release|Win32
		{956AA4CD-7835-4BD5-BC4C-FC43CFB453DA}.Release|x64.ActiveCfg = Release|Win32
		{4ADE3B7C-7319-43E6-B128-B4B951B48DEC}.debug_shared|Win32.ActiveCfg = Debug|Win32
		{4ADE3B7C-7319-43E6-B128-B4B951B48DEC}.debug_shared|Win32.Build.0 = Debug|Win32
		{4ADE3B7C-7319-43E6-B128-B4B951B48DEC}.debug_shared|x64.ActiveCfg = Debug|Win32
		{4ADE3B7C-7319-43E6-B128-B4B951B48DEC}.debug_static|Win32.ActiveCfg = Debug|Win32
		{4ADE3B7C-7319-43E6-B128-B4B951B48DEC}.debug_static|Win32.Build.0 = Debug|Win32
		{4ADE3B7C-7319-43E6-B128-B4B951B48DEC}.debug_static|x64.ActiveCfg = Debug|Win32
		{4ADE3B7C-7319-43E6-B128-B4B951B48DEC}.Debug|Win32.ActiveCfg = Debug|Win32
		{4ADE3B7C-7319-43E6-B128-B4B951B48DEC}.Debug|Win32.Build.0 = Debug|Win32
		{4ADE3B7C-7319-43E6-B128-B4B951B48DEC}.Debug|x64.ActiveCfg = Debug|Win32
		{4ADE3B7C-7319-43E6-B128-B4B951B48DEC}.ds|Win32.ActiveCfg = Debug|Win32
		{4ADE3B7C-7319-43E6-B128-B4B951B48DEC}.ds|Win32.Build.0 = Debug|Win32
		{4ADE3B7C-7319-43E6-B128-B4B951B48DEC}.ds|x64.ActiveCfg = Debug|Win32
		{4ADE3B7C-7319-43E6-B128-B4B951B48DEC}.release_shared|Win32.ActiveCfg = Release|Win32
		{4ADE3B7C-7319-43E6-B128-B4B951B48DEC}.release_shared|Win32.Build.0 = Release|Win32
		{4ADE3B7C-7319-43E6-B128-B4B951B48DEC}.release_shared|x64.ActiveCfg = Release|Win32
		{4ADE3B7C-7319-43E6-B128-B4B951B48DEC}.release_static|Win32.ActiveCfg = Release|Win32
		{4ADE3B7C-7319-43E6-B128-B4B951B48DEC}.release_static|Win32.Build.0 = Release|Win32
		{4ADE3B7C-7319-43E6-B128-B4B951B48DEC}.release_static|x64.ActiveCfg = Release|Win32
		{4ADE3B7C-7319-43E6-B128-B4B951B48DEC}.Release|Win32.ActiveCfg = Release|Win32
		{4ADE3B7C-7319-43E6-B128-B4B951B48DEC}.Release|Win32.Build.0 = Release|Win32
		{4ADE3B7C-7319-43E6-B128-B4B951B48DEC}.Release|x64.ActiveCfg = Release|Win32
		{1B28886F-D31F-4ED0-A2B6-8CED3976CDED}.debug_shared|Win32.ActiveCfg = debug_static|Win32
		{1B28886F-D31F-4ED0-A2B6-8CED3976CDED}.debug_shared|Win32.Build.0 = debug_static|Win32
		{1B28886F-D31F-4ED0-A2B6-8CED3976CDED}.debug_shared|x64.ActiveCfg = debug_static|Win32
		{1B28886F-D31F-4ED0-A2B6-8CED3976CDED}.debug_static|Win32.ActiveCfg = debug_static|Win32
		{1B28886F-D31F-4ED0-A2B6-8CED3976CDED}.debug_static|Win32.Build.0 = debug_static|Win32
		{1B28886F-D31F-4ED0-A2B6-8CED3976CDED}.debug_static|x64.ActiveCfg = debug_static|x64
		{1B28886F-D31F-4ED0-A2B6-8CED3976CDED}.debug_static|x64.Build.0 = debug_static|x64
		{1B28886F-D31F-4ED0-A2B6-8CED3976CDED}.Debug|Win32.ActiveCfg = debug_static|Win32
		{1B28886F-D31F-4ED0-A2B6-8CED3976CDED}.Debug|Win32.Build.0 = debug_static|Win32
		{1B28886F-D31F-4ED0-A2B6-8CED3976CDED}.Debug|x64.ActiveCfg = debug_static|Win32
		{1B28886F-D31F-4ED0-A2B6-8CED3976CDED}.ds|Win32.ActiveCfg = debug_static|Win32
		{1B28886F-D31F-4ED0-A2B6-8CED3976CDED}.ds|Win32.Build.0 = debug_static|Win32
		{1B28886F-D31F-4ED0-A2B6-8CED3976CDED}.ds|x64.ActiveCfg = debug_static|Win32
		{1B28886F-D31F-4ED0-A2B6-8CED3976CDED}.release_shared|Win32.ActiveCfg = release_static|Win32
		{1B28886F-D31F-4ED0-A2B6-8CED3976CDED}.release_shared|Win32.Build.0 = release_static|Win32
		{1B28886F-D31F-4ED0-A2B6-8CED3976CDED}.release_shared|x64.ActiveCfg = release_static|Win32
		{1B28886F-D31F-4ED0-A2B6-8CED3976CDED}.release_static|Win32.ActiveCfg = release_static|Win32
		{1B28886F-D31F-4ED0-A2B6-8CED3976CDED}.release_static|Win32.Build.0 = release_static|Win32
		{1B28886F-D31F-4ED0-A2B6-8CED3976CDED}.release_static|x64.ActiveCfg = release_static|x64
		{1B28886F-D31F-4ED0-A2B6-8CED3976CDED}.release_static|x64.Build.0 = release_static|x64
		{1B28886F-D31F-4ED0-A2B6-8CED3976CDED}.Release|Win32.ActiveCfg = release_static|Win32
		{1B28886F-D31F-4ED0-A2B6-8CED3976CDED}.Release|Win32.Build.0 = release_static|Win32
		{1B28886F-D31F-4ED0-A2B6-8CED3976CDED}.Release|x64.ActiveCfg = release_static|Win32
		{5B011EC5-3D3E-4339-BE78-DDB5519F0F02}.debug_shared|Win32.ActiveCfg = Debug|Win32
		{5B011EC5-3D3E-4339-BE78-DDB5519F0F02}.debug_shared|Win32.Build.0 = Debug|Win32
		{5B011EC5-3D3E-4339-BE78-DDB5519F0F02}.debug_shared|x64.ActiveCfg = Debug|Win32
		{5B011EC5-3D3E-4339-BE78-DDB5519F0F02}.debug_static|Win32.ActiveCfg = Debug|Win32
		{5B011EC5-3D3E-4339-BE78-DDB5519F0F02}.debug_static|Win32.Build.0 = Debug|Win32
		{5B011EC5-3D3E-4339-BE78-DDB5519F0F02}.debug_static|x64.ActiveCfg = Debug|x64
		{5B011EC5-3D3E-4339-BE78-DDB5519F0F02}.debug_static|x64.Build.0 = Debug|x64
		{5B011EC5-3D3E-4339-BE78-DDB5519F0F02}.Debug|Win32.ActiveCfg = Debug|Win32
		{5B011EC5-3D3E-4339-BE78-DDB5519F0F02}.Debug|Win32.Build.0 = Debug|Win32
		{5B011EC5-3D3E-4339-BE78-DDB5519F0F02}.Debug|x64.ActiveCfg = Debug|Win32
		{5B011EC5-3D3E-4339-BE78-DDB5519F0F02}.ds|Win32.ActiveCfg = Debug|Win32
		{5B011EC5-3D3E-4339-BE78-DDB5519F0F02}.ds|Win32.Build.0 = Debug|Win32
		{5B011EC5-3D3E-4339-BE78-DDB5519F0F02}.ds|x64.ActiveCfg = Debug|Win32
		{5B011EC5-3D3E-4339-BE78-DDB5519F0F02}.release_shared|Win32.ActiveCfg = Release|Win32
		{5B011EC5-3D3E-4339-BE78-DDB5519F0F02}.release_shared|Win32.Build.0 = Release|Win32
		{5B011EC5-3D3E-4339-BE78-DDB5519F0F02}.release_shared|x64.ActiveCfg = Release|Win32
		{5B011EC5-3D3E-4339-BE78-DDB5519F0F02}.release_static|Win32.ActiveCfg = Release|Win32
		{5B011EC5-3D3E-4339-BE78-DDB5519F0F02}.release_static|Win32.Build.0 = Release|Win32
		{5B011EC5-3D3E-4339-BE78-DDB5519F0F02}.release_static|x64.ActiveCfg = Release|x64
		{5B011EC5-3D3E-4339-BE78-DDB5519F0F02}.release_static|x64.Build.0 = Release|x64
		{5B011EC5-3D3E-4339-BE78-DDB5519F0F02}.Release|Win32.ActiveCfg = Release|Win32
		{5B011EC5-3D3E-4339-BE78-DDB5519F0F02}.Release|Win32.Build.0 = Release|Win32
		{5B011EC5-3D3E-4339-BE78-DDB5519F0F02}.Release|x64.ActiveCfg = Release|Win32
		{D057A8A6-5F2D-4A23-A5E2-14AFEAEBE37A}.debug_shared|Win32.ActiveCfg = Debug|Win32
		{D057A8A6-5F2D-4A23-A5E2-14AFEAEBE37A}.debug_shared|Win32.Build.0 = Debug|Win32
		{D057A8A6-5F2D-4A23-A5E2-14AFEAEBE37A}.debug_shared|x64.ActiveCfg = Debug|Win32
		{D057A8A6-5F2D-4A23-A5E2-14AFEAEBE37A}.debug_static|Win32.ActiveCfg = Debug|Win32
		{D057A8A6-5F2D-4A23-A5E2-14AFEAEBE37A}.debug_static|Win32.Build.0 = Debug|Win32
		{D057A8A6-5F2D-4A23-A5E2-14AFEAEBE37A}.debug_static|x64.ActiveCfg = Debug|Win32
		{D057A8A6-5F2D-4A23-A5E2-14AFEAEBE37A}.Debug|Win32.ActiveCfg = Debug|Win32
		{D057A8A6-5F2D-4A23-A5E2-14AFEAEBE37A}.Debug|Win32.Build.0 = Debug|Win32
		{D057A8A6-5F2D-4A23-A5E2-14AFEAEBE37A}.Debug|x64.ActiveCfg = Debug|Win32
		{D057A8A6-5F2D-4A23-A5E2-14AFEAEBE37A}.ds|Win32.ActiveCfg = Debug|Win32
		{D057A8A6-5F2D-4A23-A5E2-14AFEAEBE37A}.ds|Win32.Build.0 = Debug|Win32
		{D057A8A6-5F2D-4A23-A5E2-14AFEAEBE37A}.ds|x64.ActiveCfg = Debug|Win32
		{D057A8A6-5F2D-4A23-A5E2-14AFEAEBE37A}.release_shared|Win32.ActiveCfg = Release|Win32
		{D057A8A6-5F2D-4A23-A5E2-14AFEAEBE37A}.release_shared|Win32.Build.0 = Release|Win32
		{D057A8A6-5F2D-4A23-A5E2-14AFEAEBE37A}.release_shared|x64.ActiveCfg = Release|Win32
		{D057A8A6-5F2D-4A23-A5E2-14AFEAEBE37A}.release_static|Win32.ActiveCfg = Release|Win32
		{D057A8A6-5F2D-4A23-A5E2-14AFEAEBE37A}.release_static|Win32.Build.0 = Release|Win32
		{D057A8A6-5F2D-4A23-A5E2-14AFEAEBE37A}.release_static|x64.ActiveCfg = Release|Win32
		{D057A8A6-5F2D-4A23-A5E2-14AFEAEBE37A}.Release|Win32.ActiveCfg = Release|Win32
		{D057A8A6-5F2D-4A23-A5E2-14AFEAEBE37A}.Release|Win32.Build.0 = Release|Win32
		{D057A8A6-5F2D-4A23-A5E2-14AFEAEBE37A}.Release|x64.ActiveCfg = Release|Win32
		{6DBCD449-4545-4C19-94D9-E80C8C515167}.debug_shared|Win32.ActiveCfg = Debug|Win32
		{6DBCD449-4545-4C19-94D9-E80C8C515167}.debug_shared|Win32.Build.0 = Debug|Win32
		{6DBCD449-4545-4C19-94D9-E80C8C515167}.debug_shared|x64.ActiveCfg = Debug|Win32
		{6DBCD449-4545-4C19-94D9-E80C8C515167}.debug_static|Win32.ActiveCfg = debug_static|Win32
		{6DBCD449-4545-4C19-94D9-E80C8C515167}.debug_static|Win32.Build.0 = debug_static|Win32
		{6DBCD449-4545-4C19-94D9-E80C8C515167}.debug_static|x64.ActiveCfg = debug_static|x64
		{6DBCD449-4545-4C19-94D9-E80C8C515167}.debug_static|x64.Build.0 = debug_static|x64
		{6DBCD449-4545-4C19-94D9-E80C8C515167}.Debug|Win32.ActiveCfg = Debug|Win32
		{6DBCD449-4545-4C19-94D9-E80C8C515167}.Debug|Win32.Build.0 = Debug|Win32
		{6DBCD449-4545-4C19-94D9-E80C8C515167}.Debug|x64.ActiveCfg = Debug|Win32
		{6DBCD449-4545-4C19-94D9-E80C8C515167}.ds|Win32.ActiveCfg = Debug|Win32
		{6DBCD449-4545-4C19-94D9-E80C8C515167}.ds|Win32.Build.0 = Debug|Win32
		{6DBCD449-4545-4C19-94D9-E80C8C515167}.ds|x64.ActiveCfg = Debug|Win32
		{6DBCD449-4545-4C19-94D9-E80C8C515167}.release_shared|Win32.ActiveCfg = Release|Win32
		{6DBCD449-4545-4C19-94D9-E80C8C515167}.release_shared|Win32.Build.0 = Release|Win32
		{6DBCD449-4545-4C19-94D9-E80C8C515167}.release_shared|x64.ActiveCfg = Release|Win32
		{6DBCD449-4545-4C19-94D9-E80C8C515167}.release_static|Win32.ActiveCfg = release_static|Win32
		{6DBCD449-4545-4C19-94D9-E80C8C515167}.release_static|Win32.Build.0 = release_static|Win32
		{6DBCD449-4545-4C19-94D9-E80C8C515167}.release_static|x64.ActiveCfg = release_static|x64
		{6DBCD449-4545-4C19-94D9-E80C8C515167}.release_static|x64.Build.0 = release_static|x64
		{6DBCD449-4545-4C19-94D9-E80C8C515167}.Release|Win32.ActiveCfg = Release|Win32
		{6DBCD449-4545-4C19-94D9-E80C8C515167}.Release|Win32.Build.0 = Release|Win32
		{6DBCD449-4545-4C19-94D9-E80C8C515167}.Release|x64.ActiveCfg = Release|Win32
		{168C6F5A-2D24-4426-947A-7B67868F5DA4}.debug_shared|Win32.ActiveCfg = Debug|Win32
		{168C6F5A-2D24-4426-947A-7B67868F5DA4}.debug_shared|Win32.Build.0 = Debug|Win32
		{168C6F5A-2D24-4426-947A-7B67868F5DA4}.debug_shared|x64.ActiveCfg = Debug|Win32
		{168C6F5A-2D24-4426-947A-7B67868F5DA4}.debug_static|Win32.ActiveCfg = Debug|Win32
		{168C6F5A-2D24-4426-947A-7B67868F5DA4}.debug_static|Win32.Build.0 = Debug|Win32
		{168C6F5A-2D24-4426-947A-7B67868F5DA4}.debug_static|x64.ActiveCfg = Debug|x64
		{168C6F5A-2D24-4426-947A-7B67868F5DA4}.Debug|Win32.ActiveCfg = Debug|Win32
		{168C6F5A-2D24-4426-947A-7B67868F5DA4}.Debug|Win32.Build.0 = Debug|Win32
		{168C6F5A-2D24-4426-947A-7B67868F5DA4}.Debug|x64.ActiveCfg = Debug|Win32
		{168C6F5A-2D24-4426-947A-7B67868F5DA4}.ds|Win32.ActiveCfg = Debug|Win32
		{168C6F5A-2D24-4426-947A-7B67868F5DA4}.ds|Win32.Build.0 = Debug|Win32
		{168C6F5A-2D24-4426-947A-7B67868F5DA4}.ds|x64.ActiveCfg = Debug|Win32
		{168C6F5A-2D24-4426-947A-7B67868F5DA4}.release_shared|Win32.ActiveCfg = Release|Win32
		{168C6F5A-2D24-4426-947A-7B67868F5DA4}.release_shared|Win32.Build.0 = Release|Win32
		{168C6F5A-2D24-4426-947A-7B67868F5DA4}.release_shared|x64.ActiveCfg = Release|Win32
		{168C6F5A-2D24-4426-947A-7B67868F5DA4}.release_static|Win32.ActiveCfg = Release|Win32
		{168C6F5A-2D24-4426-947A-7B67868F5DA4}.release_static|Win32.Build.0 = Release|Win32
		{168C6F5A-2D24-4426-947A-7B67868F5DA4}.release_static|x64.ActiveCfg = Release|x64
		{168C6F5A-2D24-4426-947A-7B67868F5DA4}.Release|Win32.ActiveCfg = Release|Win32
		{168C6F5A-2D24-4426-947A-7B67868F5DA4}.Release|Win32.Build.0 = Release|Win32
		{168C6F5A-2D24-4426-947A-7B67868F5DA4}.Release|x64.ActiveCfg = Release|Win32
		{E49770BC-9683-45F3-A29C-98C63EEE7185}.debug_shared|Win32.ActiveCfg = Debug|Win32
		{E49770BC-9683-45F3-A29C-98C63EEE7185}.debug_shared|Win32.Build.0 = Debug|Win32
		{E49770BC-9683-45F3-A29C-98C63EEE7185}.debug_shared|x64.ActiveCfg = Debug|Win32
		{E49770BC-9683-45F3-A29C-98C63EEE7185}.debug_static|Win32.ActiveCfg = Debug|Win32
		{E49770BC-9683-45F3-A29C-98C63EEE7185}.debug_static|Win32.Build.0 = Debug|Win32
		{E49770BC-9683-45F3-A29C-98C63EEE7185}.debug_static|x64.ActiveCfg = Debug|x64
		{E49770BC-9683-45F3-A29C-98C63EEE7185}.Debug|Win32.ActiveCfg = Debug|Win32
		{E49770BC-9683-45F3-A29C-98C63EEE7185}.Debug|Win32.Build.0 = Debug|Win32
		{E49770BC-9683-45F3-A29C-98C63EEE7185}.Debug|x64.ActiveCfg = Debug|Win32
		{E49770BC-9683-45F3-A29C-98C63EEE7185}.ds|Win32.ActiveCfg = Debug|Win32
		{E49770BC-9683-45F3-A29C-98C63EEE7185}.ds|Win32.Build.0 = Debug|Win32
		{E49770BC-9683-45F3-A29C-98C63EEE7185}.ds|x64.ActiveCfg = Debug|Win32
		{E49770BC-9683-45F3-A29C-98C63EEE7185}.release_shared|Win32.ActiveCfg = Release|Win32
		{E49770BC-9683-45F3-A29C-98C63EEE7185}.release_shared|Win32.Build.0 = Release|Win32
		{E49770BC-9683-45F3-A29C-98C63EEE7185}.release_shared|x64.ActiveCfg = Release|Win32
		{E49770BC-9683-45F3-A29C-98C63EEE7185}.release_static|Win32.ActiveCfg = Release|Win32
		{E49770BC-9683-45F3-A29C-98C63EEE7185}.release_static|Win32.Build.0 = Release|Win32
		{E49770BC-9683-45F3-A29C-98C63EEE7185}.release_static|x64.ActiveCfg = Release|Win32
		{E49770BC-9683-45F3-A29C-98C63EEE7185}.Release|Win32.ActiveCfg = Release|Win32
		{E49770BC-9683-45F3-A29C-98C63EEE7185}.Release|Win32.Build.0 = Release|Win32
		{E49770BC-9683-45F3-A29C-98C63EEE7185}.Release|x64.ActiveCfg = Release|Win32
	EndGlobalSection
	GlobalSection(SolutionProperties) = preSolution
		HideSolutionNode = FALSE
	EndGlobalSection
	GlobalSection(NestedProjects) = preSolution
		{C2368919-2837-45BB-BD46-7B5A300CF994} = {34C99FE0-8FF8-496C-8E83-ACAC8E02C2C4}
		{2BCDCFE3-C07C-49F8-A7B8-19950FF1896E} = {34C99FE0-8FF8-496C-8E83-ACAC8E02C2C4}
		{EE68302F-9C9F-4CBE-BC8E-4376775E5672} = {34C99FE0-8FF8-496C-8E83-ACAC8E02C2C4}
		{6BD9ADC0-B04B-4FEF-A789-D4214DC05643} = {34C99FE0-8FF8-496C-8E83-ACAC8E02C2C4}
		{2C6E19FB-00AB-42E4-A878-B3649A7EC786} = {34C99FE0-8FF8-496C-8E83-ACAC8E02C2C4}
		{956AA4CD-7835-4BD5-BC4C-FC43CFB453DA} = {34C99FE0-8FF8-496C-8E83-ACAC8E02C2C4}
		{5B011EC5-3D3E-4339-BE78-DDB5519F0F02} = {34C99FE0-8FF8-496C-8E83-ACAC8E02C2C4}
		{168C6F5A-2D24-4426-947A-7B67868F5DA4} = {34C99FE0-8FF8-496C-8E83-ACAC8E02C2C4}
		{E49770BC-9683-45F3-A29C-98C63EEE7185} = {34C99FE0-8FF8-496C-8E83-ACAC8E02C2C4}
		{D8432899-640A-4F2A-AC4B-C7B8811360BC} = {AD570B30-1DE0-4795-85B0-DE08D20ED517}
		{4ADE3B7C-7319-43E6-B128-B4B951B48DEC} = {275A4434-D285-4057-B018-6A35D5A05A67}
		{D057A8A6-5F2D-4A23-A5E2-14AFEAEBE37A} = {D8432899-640A-4F2A-AC4B-C7B8811360BC}
	EndGlobalSection
EndGlobal
