<?xml version="1.0" encoding="utf-8"?>
<Project ToolsVersion="4.0" xmlns="http://schemas.microsoft.com/developer/msbuild/2003">
  <ItemGroup>
    <Filter Include="Source Files">
      <UniqueIdentifier>{4FC737F1-C7A5-4376-A066-2A32D752A2FF}</UniqueIdentifier>
      <Extensions>cpp;c;cc;cxx;def;odl;idl;hpj;bat;asm;asmx</Extensions>
    </Filter>
    <Filter Include="Header Files">
      <UniqueIdentifier>{93995380-89BD-4b04-88EB-625FBE52EBFB}</UniqueIdentifier>
      <Extensions>h;hpp;hxx;hm;inl;inc;xsd</Extensions>
    </Filter>
    <Filter Include="Resource Files">
      <UniqueIdentifier>{67DA6AB6-F800-4c08-8B7A-83BB121AAD01}</UniqueIdentifier>
      <Extensions>rc;ico;cur;bmp;dlg;rc2;rct;bin;rgs;gif;jpg;jpeg;jpe;resx;tiff;tif;png;wav;mfcribbon-ms</Extensions>
    </Filter>
    <Filter Include="layers">
      <UniqueIdentifier>{2fc30a54-4476-4845-8819-e2f0a2ea7b8f}</UniqueIdentifier>
    </Filter>
    <Filter Include="renders">
      <UniqueIdentifier>{8822fbd7-9263-4694-bbc3-9325c81d12ea}</UniqueIdentifier>
    </Filter>
    <Filter Include="SymbolAssigners">
      <UniqueIdentifier>{25e9ffa2-f822-42e5-a570-ba8d29871f58}</UniqueIdentifier>
    </Filter>
  </ItemGroup>
  <ItemGroup>
    <None Include="ReadMe.txt" />
  </ItemGroup>
  <ItemGroup>
    <ClInclude Include="stdafx.h">
      <Filter>Header Files</Filter>
    </ClInclude>
    <ClInclude Include="targetver.h">
      <Filter>Header Files</Filter>
    </ClInclude>
    <ClInclude Include="Cartography.h">
      <Filter>Header Files</Filter>
    </ClInclude>
    <ClInclude Include="Map.h">
      <Filter>Header Files</Filter>
    </ClInclude>
    <ClInclude Include="Layer.h">
      <Filter>layers</Filter>
    </ClInclude>
    <ClInclude Include="LayerBase.h">
      <Filter>layers</Filter>
    </ClInclude>
    <ClInclude Include="Layers.h">
      <Filter>layers</Filter>
    </ClInclude>
    <ClInclude Include="LoaderLayers.h">
      <Filter>layers</Filter>
    </ClInclude>
    <ClInclude Include="Selection.h">
      <Filter>Header Files</Filter>
    </ClInclude>
    <ClInclude Include="FeatureRendererBase.h">
      <Filter>renders</Filter>
    </ClInclude>
    <ClInclude Include="FeatureRenderer.h">
      <Filter>renders</Filter>
    </ClInclude>
    <ClInclude Include="SimpleSymbolAssigner.h">
      <Filter>SymbolAssigners</Filter>
    </ClInclude>
    <ClInclude Include="LoadSymbolAssigners.h">
      <Filter>SymbolAssigners</Filter>
    </ClInclude>
    <ClInclude Include="FeatureLayer.h">
      <Filter>layers</Filter>
    </ClInclude>
    <ClInclude Include="CartographyLib.h">
      <Filter>Header Files</Filter>
    </ClInclude>
    <ClInclude Include="RenderersLoader.h">
      <Filter>renders</Filter>
    </ClInclude>
    <ClInclude Include="FeatureClassLoader.h">
      <Filter>Header Files</Filter>
    </ClInclude>
  </ItemGroup>
  <ItemGroup>
    <ClCompile Include="stdafx.cpp">
      <Filter>Source Files</Filter>
    </ClCompile>
    <ClCompile Include="Layers.cpp">
      <Filter>layers</Filter>
    </ClCompile>
    <ClCompile Include="LoaderLayers.cpp">
      <Filter>layers</Filter>
    </ClCompile>
    <ClCompile Include="Selection.cpp">
      <Filter>Source Files</Filter>
    </ClCompile>
    <ClCompile Include="FeatureRenderer.cpp">
      <Filter>renders</Filter>
    </ClCompile>
    <ClCompile Include="SimpleSymbolAssigner.cpp">
      <Filter>SymbolAssigners</Filter>
    </ClCompile>
    <ClCompile Include="LoadSymbolAssigners.cpp">
      <Filter>SymbolAssigners</Filter>
    </ClCompile>
    <ClCompile Include="FeatureLayer.cpp">
      <Filter>layers</Filter>
    </ClCompile>
    <ClCompile Include="map.cpp">
      <Filter>Source Files</Filter>
    </ClCompile>
    <ClCompile Include="RenderersLoader.cpp">
      <Filter>renders</Filter>
    </ClCompile>
    <ClCompile Include="FeatureClassLoader.cpp">
      <Filter>Source Files</Filter>
    </ClCompile>
  </ItemGroup>
</Project>